// !$*UTF8*$!
{
	archiveVersion = 1;
	classes = {
	};
	objectVersion = 50;
	objects = {

/* Begin PBXBuildFile section */
		8402DAC3253F23EB007D222E /* ParallaxView.swift in Sources */ = {isa = PBXBuildFile; fileRef = 8402DAC2253F23EB007D222E /* ParallaxView.swift */; };
		8402DAD5253F4966007D222E /* PokemonHeaderView.swift in Sources */ = {isa = PBXBuildFile; fileRef = 8402DAD4253F4966007D222E /* PokemonHeaderView.swift */; };
		8407B854252CB88300341270 /* DownloadedImageView.swift in Sources */ = {isa = PBXBuildFile; fileRef = 8407B853252CB88300341270 /* DownloadedImageView.swift */; };
		840BBB87253F4D25002E6349 /* CustomBigTitleNavigationView.swift in Sources */ = {isa = PBXBuildFile; fileRef = 840BBB86253F4D25002E6349 /* CustomBigTitleNavigationView.swift */; };
		8412B356253B5BAB00C0843B /* PokemonModel.xcdatamodeld in Sources */ = {isa = PBXBuildFile; fileRef = 8412B354253B5BAB00C0843B /* PokemonModel.xcdatamodeld */; };
		8415A9F22558495600325B8C /* Array+Extension.swift in Sources */ = {isa = PBXBuildFile; fileRef = 8415A9F12558495600325B8C /* Array+Extension.swift */; };
		8415A9F72558499500325B8C /* PokedexCellUpdater.swift in Sources */ = {isa = PBXBuildFile; fileRef = 8415A9F62558499500325B8C /* PokedexCellUpdater.swift */; };
		841E9673253618F000FAD664 /* PokedexView.swift in Sources */ = {isa = PBXBuildFile; fileRef = 841E9672253618F000FAD664 /* PokedexView.swift */; };
		841E96782536191700FAD664 /* FloatingMenu.swift in Sources */ = {isa = PBXBuildFile; fileRef = 841E96772536191700FAD664 /* FloatingMenu.swift */; };
		841E967D25361A0000FAD664 /* TypeUpdater.swift in Sources */ = {isa = PBXBuildFile; fileRef = 841E967C25361A0000FAD664 /* TypeUpdater.swift */; };
		841E96822536219500FAD664 /* PokemonsOfTypeList.swift in Sources */ = {isa = PBXBuildFile; fileRef = 841E96812536219500FAD664 /* PokemonsOfTypeList.swift */; };
		841E96882536365C00FAD664 /* TypeCardView.swift in Sources */ = {isa = PBXBuildFile; fileRef = 841E96872536365C00FAD664 /* TypeCardView.swift */; };
		841E968D2536393800FAD664 /* AllTypeList.swift in Sources */ = {isa = PBXBuildFile; fileRef = 841E968C2536393800FAD664 /* AllTypeList.swift */; };
		8422CFCC252E0E9D006F4535 /* NamedAPIResource.swift in Sources */ = {isa = PBXBuildFile; fileRef = 8422CFCB252E0E9D006F4535 /* NamedAPIResource.swift */; };
		8422CFD1252E0F00006F4535 /* AbilitiesResult.swift in Sources */ = {isa = PBXBuildFile; fileRef = 8422CFD0252E0F00006F4535 /* AbilitiesResult.swift */; };
		843325F12539DD7E007E1AEA /* HeaderImageScrollView.swift in Sources */ = {isa = PBXBuildFile; fileRef = 843325F02539DD7E007E1AEA /* HeaderImageScrollView.swift */; };
		84382D75253B5E3500F0B4AB /* Favorite+CoreDataClass.swift in Sources */ = {isa = PBXBuildFile; fileRef = 84382D73253B5E3500F0B4AB /* Favorite+CoreDataClass.swift */; };
		84382D76253B5E3500F0B4AB /* Favorite+CoreDataProperties.swift in Sources */ = {isa = PBXBuildFile; fileRef = 84382D74253B5E3500F0B4AB /* Favorite+CoreDataProperties.swift */; };
		84382D7C253B665300F0B4AB /* FavoriteView.swift in Sources */ = {isa = PBXBuildFile; fileRef = 84382D7B253B665200F0B4AB /* FavoriteView.swift */; };
		8440590325374129009D4385 /* SearchBar.swift in Sources */ = {isa = PBXBuildFile; fileRef = 8440590225374129009D4385 /* SearchBar.swift */; };
		8440591C253743E1009D4385 /* Biotif-BoldItalic.ttf in Resources */ = {isa = PBXBuildFile; fileRef = 8440590C253743E0009D4385 /* Biotif-BoldItalic.ttf */; };
		8440591D253743E1009D4385 /* Biotif-ExtraBold.ttf in Resources */ = {isa = PBXBuildFile; fileRef = 8440590D253743E0009D4385 /* Biotif-ExtraBold.ttf */; };
		8440591E253743E1009D4385 /* Biotif-SemiBold.ttf in Resources */ = {isa = PBXBuildFile; fileRef = 8440590E253743E0009D4385 /* Biotif-SemiBold.ttf */; };
		8440591F253743E1009D4385 /* Biotif-BlackItalic.ttf in Resources */ = {isa = PBXBuildFile; fileRef = 8440590F253743E0009D4385 /* Biotif-BlackItalic.ttf */; };
		84405920253743E1009D4385 /* Biotif-ExtraBoldItalic.ttf in Resources */ = {isa = PBXBuildFile; fileRef = 84405910253743E0009D4385 /* Biotif-ExtraBoldItalic.ttf */; };
		84405921253743E1009D4385 /* Biotif-MediumItalic.ttf in Resources */ = {isa = PBXBuildFile; fileRef = 84405911253743E0009D4385 /* Biotif-MediumItalic.ttf */; };
		84405922253743E1009D4385 /* Biotif-Medium.ttf in Resources */ = {isa = PBXBuildFile; fileRef = 84405912253743E0009D4385 /* Biotif-Medium.ttf */; };
		84405923253743E1009D4385 /* Biotif-SemiBoldItalic.ttf in Resources */ = {isa = PBXBuildFile; fileRef = 84405913253743E0009D4385 /* Biotif-SemiBoldItalic.ttf */; };
		84405924253743E1009D4385 /* Biotif-Black.ttf in Resources */ = {isa = PBXBuildFile; fileRef = 84405914253743E0009D4385 /* Biotif-Black.ttf */; };
		84405925253743E1009D4385 /* Biotif-LightItalic.ttf in Resources */ = {isa = PBXBuildFile; fileRef = 84405915253743E0009D4385 /* Biotif-LightItalic.ttf */; };
		84405926253743E1009D4385 /* Biotif-RegularItalic.ttf in Resources */ = {isa = PBXBuildFile; fileRef = 84405916253743E0009D4385 /* Biotif-RegularItalic.ttf */; };
		84405927253743E1009D4385 /* Biotif-Book.ttf in Resources */ = {isa = PBXBuildFile; fileRef = 84405917253743E1009D4385 /* Biotif-Book.ttf */; };
		84405928253743E1009D4385 /* Biotif-BookItalic.ttf in Resources */ = {isa = PBXBuildFile; fileRef = 84405918253743E1009D4385 /* Biotif-BookItalic.ttf */; };
		84405929253743E1009D4385 /* Biotif-Bold.ttf in Resources */ = {isa = PBXBuildFile; fileRef = 84405919253743E1009D4385 /* Biotif-Bold.ttf */; };
		8440592A253743E1009D4385 /* Biotif-Regular.ttf in Resources */ = {isa = PBXBuildFile; fileRef = 8440591A253743E1009D4385 /* Biotif-Regular.ttf */; };
		8440592B253743E1009D4385 /* Biotif-Light.ttf in Resources */ = {isa = PBXBuildFile; fileRef = 8440591B253743E1009D4385 /* Biotif-Light.ttf */; };
		84405930253745A9009D4385 /* Test.storyboard in Resources */ = {isa = PBXBuildFile; fileRef = 8440592F253745A9009D4385 /* Test.storyboard */; };
		8440593525374B69009D4385 /* Font.swift in Sources */ = {isa = PBXBuildFile; fileRef = 8440593425374B69009D4385 /* Font.swift */; };
		84489745255C42FE00DD0E01 /* MoveDetailUpdater.swift in Sources */ = {isa = PBXBuildFile; fileRef = 84489744255C42FE00DD0E01 /* MoveDetailUpdater.swift */; };
		845200802549D5C700E02FDF /* Reachability.swift in Sources */ = {isa = PBXBuildFile; fileRef = 8452007F2549D5C700E02FDF /* Reachability.swift */; };
		846F3BD1253BE459003A30C6 /* FavoriteUpdater.swift in Sources */ = {isa = PBXBuildFile; fileRef = 846F3BD0253BE459003A30C6 /* FavoriteUpdater.swift */; };
		846F3BD6253C00B6003A30C6 /* LazyView.swift in Sources */ = {isa = PBXBuildFile; fileRef = 846F3BD5253C00B6003A30C6 /* LazyView.swift */; };
		846F3C08253C8DBE003A30C6 /* DotDotDot.swift in Sources */ = {isa = PBXBuildFile; fileRef = 846F3C07253C8DBE003A30C6 /* DotDotDot.swift */; };
		846F3C32253CA5F1003A30C6 /* UIImage+Extension.swift in Sources */ = {isa = PBXBuildFile; fileRef = 846F3C31253CA5F1003A30C6 /* UIImage+Extension.swift */; };
		846F3C37253CA649003A30C6 /* GIFPlayerView.swift in Sources */ = {isa = PBXBuildFile; fileRef = 846F3C36253CA649003A30C6 /* GIFPlayerView.swift */; };
		846F3C3F253CC026003A30C6 /* AbilityUpdater.swift in Sources */ = {isa = PBXBuildFile; fileRef = 846F3C3E253CC026003A30C6 /* AbilityUpdater.swift */; };
		846F3C48253CCB13003A30C6 /* AbilityView.swift in Sources */ = {isa = PBXBuildFile; fileRef = 846F3C47253CCB13003A30C6 /* AbilityView.swift */; };
		846F3C50253CCB50003A30C6 /* SpeciesDetailView.swift in Sources */ = {isa = PBXBuildFile; fileRef = 846F3C4F253CCB50003A30C6 /* SpeciesDetailView.swift */; };
		846F3C55253CCB82003A30C6 /* DetailViewWithGif.swift in Sources */ = {isa = PBXBuildFile; fileRef = 846F3C54253CCB82003A30C6 /* DetailViewWithGif.swift */; };
		84707A982530CB0400DEA772 /* Evolution.swift in Sources */ = {isa = PBXBuildFile; fileRef = 84707A972530CB0400DEA772 /* Evolution.swift */; };
		847A12312531584F00146D24 /* Move.swift in Sources */ = {isa = PBXBuildFile; fileRef = 847A12302531584F00146D24 /* Move.swift */; };
		847A12362531586D00146D24 /* Ability.swift in Sources */ = {isa = PBXBuildFile; fileRef = 847A12352531586D00146D24 /* Ability.swift */; };
		847A123B2531588400146D24 /* Machine.swift in Sources */ = {isa = PBXBuildFile; fileRef = 847A123A2531588400146D24 /* Machine.swift */; };
		847A1240253158C300146D24 /* APIResource.swift in Sources */ = {isa = PBXBuildFile; fileRef = 847A123F253158C300146D24 /* APIResource.swift */; };
		847A1245253158D700146D24 /* Meta.swift in Sources */ = {isa = PBXBuildFile; fileRef = 847A1244253158D700146D24 /* Meta.swift */; };
		847A124A253158FA00146D24 /* Item.swift in Sources */ = {isa = PBXBuildFile; fileRef = 847A1249253158FA00146D24 /* Item.swift */; };
		847A124F25315C0600146D24 /* EvolutionUpdater.swift in Sources */ = {isa = PBXBuildFile; fileRef = 847A124E25315C0600146D24 /* EvolutionUpdater.swift */; };
		847A125425316BF300146D24 /* EvolutionView.swift in Sources */ = {isa = PBXBuildFile; fileRef = 847A125325316BF300146D24 /* EvolutionView.swift */; };
		847A125F2531EF0500146D24 /* Stat.swift in Sources */ = {isa = PBXBuildFile; fileRef = 847A125E2531EF0500146D24 /* Stat.swift */; };
		847A126B2533249000146D24 /* AnimatedLikeButton.swift in Sources */ = {isa = PBXBuildFile; fileRef = 847A126A2533249000146D24 /* AnimatedLikeButton.swift */; };
		847A12802533696200146D24 /* FlexibleGridView.swift in Sources */ = {isa = PBXBuildFile; fileRef = 847A127F2533696200146D24 /* FlexibleGridView.swift */; };
		847A128B25337ABC00146D24 /* VoiceHelper.swift in Sources */ = {isa = PBXBuildFile; fileRef = 847A128A25337ABB00146D24 /* VoiceHelper.swift */; };
		847A12902533871200146D24 /* PulsatingPlayButton.swift in Sources */ = {isa = PBXBuildFile; fileRef = 847A128F2533871200146D24 /* PulsatingPlayButton.swift */; };
		847A5AF3253BD4DC00496D8F /* BackButtonView.swift in Sources */ = {isa = PBXBuildFile; fileRef = 847A5AF2253BD4DC00496D8F /* BackButtonView.swift */; };
		8483127D2538B006006FBCD6 /* Publishers+Extension.swift in Sources */ = {isa = PBXBuildFile; fileRef = 8483127C2538B005006FBCD6 /* Publishers+Extension.swift */; };
		8489E44B25657A1D0017821E /* HomeView.swift in Sources */ = {isa = PBXBuildFile; fileRef = 8489E44A25657A1D0017821E /* HomeView.swift */; };
		8489E47F256809740017821E /* Pokedex.swift in Sources */ = {isa = PBXBuildFile; fileRef = 8489E47E256809740017821E /* Pokedex.swift */; };
		8489E484256815510017821E /* LocationPokemonGridCellView.swift in Sources */ = {isa = PBXBuildFile; fileRef = 8489E483256815510017821E /* LocationPokemonGridCellView.swift */; };
		8493589D2557344B00A782A9 /* CustomCorner.swift in Sources */ = {isa = PBXBuildFile; fileRef = 8493589C2557344B00A782A9 /* CustomCorner.swift */; };
		8497FE132547C085006B7100 /* ErrorHandler.swift in Sources */ = {isa = PBXBuildFile; fileRef = 8497FE122547C085006B7100 /* ErrorHandler.swift */; };
		84CF1781253DD75400FF312B /* TappablePokemonCell.swift in Sources */ = {isa = PBXBuildFile; fileRef = 84CF1780253DD75400FF312B /* TappablePokemonCell.swift */; };
		84D278C325376831004755BE /* SubView.swift in Sources */ = {isa = PBXBuildFile; fileRef = 84D278C225376831004755BE /* SubView.swift */; };
		84D9AFE5252B763500E4C9D5 /* PokemonResult.swift in Sources */ = {isa = PBXBuildFile; fileRef = 84D9AFE4252B763500E4C9D5 /* PokemonResult.swift */; };
		84D9AFEA252B774800E4C9D5 /* Session.swift in Sources */ = {isa = PBXBuildFile; fileRef = 84D9AFE9252B774800E4C9D5 /* Session.swift */; };
		84D9AFEF252B776800E4C9D5 /* Constant.swift in Sources */ = {isa = PBXBuildFile; fileRef = 84D9AFEE252B776800E4C9D5 /* Constant.swift */; };
		84D9AFF5252B802F00E4C9D5 /* Color+Extension.swift in Sources */ = {isa = PBXBuildFile; fileRef = 84D9AFF4252B802F00E4C9D5 /* Color+Extension.swift */; };
		84D9AFFA252B849700E4C9D5 /* Type.swift in Sources */ = {isa = PBXBuildFile; fileRef = 84D9AFF9252B849700E4C9D5 /* Type.swift */; };
		84D9B002252B895500E4C9D5 /* PokemonUpdater.swift in Sources */ = {isa = PBXBuildFile; fileRef = 84D9B001252B895500E4C9D5 /* PokemonUpdater.swift */; };
		84F555F82533914000F09E84 /* LoadingView.swift in Sources */ = {isa = PBXBuildFile; fileRef = 84F555F72533914000F09E84 /* LoadingView.swift */; };
		84F55604253398B900F09E84 /* CompleteView.swift in Sources */ = {isa = PBXBuildFile; fileRef = 84F55603253398B900F09E84 /* CompleteView.swift */; };
		901E633F2537E5D600F75BF3 /* PokemonList.swift in Sources */ = {isa = PBXBuildFile; fileRef = 901E633E2537E5D600F75BF3 /* PokemonList.swift */; };
		90238B43255014B70087CF28 /* ReachabilityUpdater.swift in Sources */ = {isa = PBXBuildFile; fileRef = 90238B42255014B70087CF28 /* ReachabilityUpdater.swift */; };
		90400AAC2530160000659CD1 /* UnitHelper.swift in Sources */ = {isa = PBXBuildFile; fileRef = 90400AAB2530160000659CD1 /* UnitHelper.swift */; };
		904168D3253070DA00362B47 /* StatUpdater.swift in Sources */ = {isa = PBXBuildFile; fileRef = 904168D2253070DA00362B47 /* StatUpdater.swift */; };
		90454D2A252E9E1F000F5B79 /* DetailPageView.swift in Sources */ = {isa = PBXBuildFile; fileRef = 90454D29252E9E1F000F5B79 /* DetailPageView.swift */; };
		9078CE60253FF356003C597C /* PersistenceManager.swift in Sources */ = {isa = PBXBuildFile; fileRef = 9078CE5F253FF356003C597C /* PersistenceManager.swift */; };
		9078CE65253FF3C9003C597C /* UserDefault.swift in Sources */ = {isa = PBXBuildFile; fileRef = 9078CE64253FF3C9003C597C /* UserDefault.swift */; };
		9078CE6B253FF704003C597C /* PokemonsResource+CoreDataClass.swift in Sources */ = {isa = PBXBuildFile; fileRef = 9078CE69253FF704003C597C /* PokemonsResource+CoreDataClass.swift */; };
		9078CE6C253FF704003C597C /* PokemonsResource+CoreDataProperties.swift in Sources */ = {isa = PBXBuildFile; fileRef = 9078CE6A253FF704003C597C /* PokemonsResource+CoreDataProperties.swift */; };
		9078CE74254006CC003C597C /* SearchDataPrepareUpdater.swift in Sources */ = {isa = PBXBuildFile; fileRef = 9078CE73254006CC003C597C /* SearchDataPrepareUpdater.swift */; };
		9078CE8525402996003C597C /* SearchUpdater.swift in Sources */ = {isa = PBXBuildFile; fileRef = 9078CE8425402996003C597C /* SearchUpdater.swift */; };
		907D5F19252B12C500E30748 /* PokedexApp.swift in Sources */ = {isa = PBXBuildFile; fileRef = 907D5F18252B12C500E30748 /* PokedexApp.swift */; };
		907D5F1B252B12C500E30748 /* ContentView.swift in Sources */ = {isa = PBXBuildFile; fileRef = 907D5F1A252B12C500E30748 /* ContentView.swift */; };
		907D5F1D252B12C700E30748 /* Assets.xcassets in Resources */ = {isa = PBXBuildFile; fileRef = 907D5F1C252B12C700E30748 /* Assets.xcassets */; };
		907D5F20252B12C700E30748 /* Preview Assets.xcassets in Resources */ = {isa = PBXBuildFile; fileRef = 907D5F1F252B12C700E30748 /* Preview Assets.xcassets */; };
		907D5F2B252B12C700E30748 /* PokedexTests.swift in Sources */ = {isa = PBXBuildFile; fileRef = 907D5F2A252B12C700E30748 /* PokedexTests.swift */; };
		907D5F36252B12C700E30748 /* PokedexUITests.swift in Sources */ = {isa = PBXBuildFile; fileRef = 907D5F35252B12C700E30748 /* PokedexUITests.swift */; };
		907D5F48252B12E200E30748 /* PokedexCardView.swift in Sources */ = {isa = PBXBuildFile; fileRef = 907D5F47252B12E200E30748 /* PokedexCardView.swift */; };
		907D5F52252B130100E30748 /* ImageLoader.swift in Sources */ = {isa = PBXBuildFile; fileRef = 907D5F51252B130100E30748 /* ImageLoader.swift */; };
		907D5F5A252B186E00E30748 /* Color.swift in Sources */ = {isa = PBXBuildFile; fileRef = 907D5F59252B186E00E30748 /* Color.swift */; };
		907D5F5F252B1A3D00E30748 /* Pokemon.swift in Sources */ = {isa = PBXBuildFile; fileRef = 907D5F5E252B1A3D00E30748 /* Pokemon.swift */; };
		907D5F65252B1AD700E30748 /* MainPokedexUpdater.swift in Sources */ = {isa = PBXBuildFile; fileRef = 907D5F64252B1AD700E30748 /* MainPokedexUpdater.swift */; };
		907D5F74252B272600E30748 /* AllPokemonList.swift in Sources */ = {isa = PBXBuildFile; fileRef = 907D5F73252B272600E30748 /* AllPokemonList.swift */; };
		90866DEC2567A05600EACA4B /* RegionListCellView.swift in Sources */ = {isa = PBXBuildFile; fileRef = 90866DEB2567A05600EACA4B /* RegionListCellView.swift */; };
		90866DF42567A63D00EACA4B /* RegionUpdater.swift in Sources */ = {isa = PBXBuildFile; fileRef = 90866DF32567A63D00EACA4B /* RegionUpdater.swift */; };
		90866DF92567A79A00EACA4B /* RegionAvatars.swift in Sources */ = {isa = PBXBuildFile; fileRef = 90866DF82567A79A00EACA4B /* RegionAvatars.swift */; };
		90866DFE2567AC0600EACA4B /* RegionGridView.swift in Sources */ = {isa = PBXBuildFile; fileRef = 90866DFD2567AC0600EACA4B /* RegionGridView.swift */; };
		90866E472567D31D00EACA4B /* RegionDetailUpdater.swift in Sources */ = {isa = PBXBuildFile; fileRef = 90866E462567D31D00EACA4B /* RegionDetailUpdater.swift */; };
		90866E4C2567D3FF00EACA4B /* RegionDetailView.swift in Sources */ = {isa = PBXBuildFile; fileRef = 90866E4B2567D3FF00EACA4B /* RegionDetailView.swift */; };
		9086780E2537F8FB0064B02C /* TapToPushView.swift in Sources */ = {isa = PBXBuildFile; fileRef = 9086780D2537F8FB0064B02C /* TapToPushView.swift */; };
		9086781C2538064A0064B02C /* MoveDamageClass.swift in Sources */ = {isa = PBXBuildFile; fileRef = 9086781B2538064A0064B02C /* MoveDamageClass.swift */; };
		9086782A2538239F0064B02C /* MovesView.swift in Sources */ = {isa = PBXBuildFile; fileRef = 908678292538239F0064B02C /* MovesView.swift */; };
		908678332538439A0064B02C /* MovesUpdater.swift in Sources */ = {isa = PBXBuildFile; fileRef = 908678322538439A0064B02C /* MovesUpdater.swift */; };
		908F65BC2546C20800E16454 /* ParallaxPokemonsList.swift in Sources */ = {isa = PBXBuildFile; fileRef = 908F65BB2546C20800E16454 /* ParallaxPokemonsList.swift */; };
		908F65C12546C22300E16454 /* NamedHeaderView.swift in Sources */ = {isa = PBXBuildFile; fileRef = 908F65C02546C22300E16454 /* NamedHeaderView.swift */; };
		908F65CF2546D67D00E16454 /* LikedNotificationView.swift in Sources */ = {isa = PBXBuildFile; fileRef = 908F65CE2546D67D00E16454 /* LikedNotificationView.swift */; };
		90AD3BDD252BFD0E009EECEE /* String+Extension.swift in Sources */ = {isa = PBXBuildFile; fileRef = 90AD3BDC252BFD0E009EECEE /* String+Extension.swift */; };
		90AD3BE2252C1016009EECEE /* Collection+Extensions.swift in Sources */ = {isa = PBXBuildFile; fileRef = 90AD3BE1252C1016009EECEE /* Collection+Extensions.swift */; };
		90BC1EC7252FF6AC00A39177 /* Species.swift in Sources */ = {isa = PBXBuildFile; fileRef = 90BC1EC6252FF6AC00A39177 /* Species.swift */; };
		90BC1ECC2530081500A39177 /* StringHelper.swift in Sources */ = {isa = PBXBuildFile; fileRef = 90BC1ECB2530081500A39177 /* StringHelper.swift */; };
		90C1E48F252DC358009FD50D /* RotatingPokeballView.swift in Sources */ = {isa = PBXBuildFile; fileRef = 90C1E48E252DC358009FD50D /* RotatingPokeballView.swift */; };
		90C1E497252DC5E0009FD50D /* PagerView.swift in Sources */ = {isa = PBXBuildFile; fileRef = 90C1E496252DC5E0009FD50D /* PagerView.swift */; };
		90DF66CB252EC580000284A6 /* View+Extension.swift in Sources */ = {isa = PBXBuildFile; fileRef = 90DF66CA252EC580000284A6 /* View+Extension.swift */; };
		90DF66DF252EFF42000284A6 /* Devide+Extension.swift in Sources */ = {isa = PBXBuildFile; fileRef = 90DF66DE252EFF42000284A6 /* Devide+Extension.swift */; };
		90DF66EA252F0EA0000284A6 /* AboutView.swift in Sources */ = {isa = PBXBuildFile; fileRef = 90DF66E9252F0EA0000284A6 /* AboutView.swift */; };
		90F0BBE9252F185B00A37B3C /* StatsView.swift in Sources */ = {isa = PBXBuildFile; fileRef = 90F0BBE8252F185B00A37B3C /* StatsView.swift */; };
		90F9426D2536A4E4003C23FF /* HamburgerButtonView.swift in Sources */ = {isa = PBXBuildFile; fileRef = 90F9426C2536A4E4003C23FF /* HamburgerButtonView.swift */; };
		90F942B92536D381003C23FF /* TypeDetailUpdater.swift in Sources */ = {isa = PBXBuildFile; fileRef = 90F942B82536D381003C23FF /* TypeDetailUpdater.swift */; };
		90F942CE2536DC5D003C23FF /* NavigationConfigurator.swift in Sources */ = {isa = PBXBuildFile; fileRef = 90F942CD2536DC5D003C23FF /* NavigationConfigurator.swift */; };
		90F942D62536DC79003C23FF /* WillDisappearHandler.swift in Sources */ = {isa = PBXBuildFile; fileRef = 90F942D52536DC79003C23FF /* WillDisappearHandler.swift */; };
		90F942FF2536FAD5003C23FF /* LoadingHorizontalView.swift in Sources */ = {isa = PBXBuildFile; fileRef = 90F942FE2536FAD4003C23FF /* LoadingHorizontalView.swift */; };
/* End PBXBuildFile section */

/* Begin PBXContainerItemProxy section */
		907D5F27252B12C700E30748 /* PBXContainerItemProxy */ = {
			isa = PBXContainerItemProxy;
			containerPortal = 907D5F0D252B12C500E30748 /* Project object */;
			proxyType = 1;
			remoteGlobalIDString = 907D5F14252B12C500E30748;
			remoteInfo = Pokedex;
		};
		907D5F32252B12C700E30748 /* PBXContainerItemProxy */ = {
			isa = PBXContainerItemProxy;
			containerPortal = 907D5F0D252B12C500E30748 /* Project object */;
			proxyType = 1;
			remoteGlobalIDString = 907D5F14252B12C500E30748;
			remoteInfo = Pokedex;
		};
/* End PBXContainerItemProxy section */

/* Begin PBXFileReference section */
		8402DAC2253F23EB007D222E /* ParallaxView.swift */ = {isa = PBXFileReference; lastKnownFileType = sourcecode.swift; path = ParallaxView.swift; sourceTree = "<group>"; };
		8402DAD4253F4966007D222E /* PokemonHeaderView.swift */ = {isa = PBXFileReference; lastKnownFileType = sourcecode.swift; path = PokemonHeaderView.swift; sourceTree = "<group>"; };
		8407B853252CB88300341270 /* DownloadedImageView.swift */ = {isa = PBXFileReference; lastKnownFileType = sourcecode.swift; path = DownloadedImageView.swift; sourceTree = "<group>"; };
		840BBB86253F4D25002E6349 /* CustomBigTitleNavigationView.swift */ = {isa = PBXFileReference; lastKnownFileType = sourcecode.swift; path = CustomBigTitleNavigationView.swift; sourceTree = "<group>"; };
		8412B355253B5BAB00C0843B /* PokemonModel.xcdatamodel */ = {isa = PBXFileReference; lastKnownFileType = wrapper.xcdatamodel; path = PokemonModel.xcdatamodel; sourceTree = "<group>"; };
		8415A9F12558495600325B8C /* Array+Extension.swift */ = {isa = PBXFileReference; lastKnownFileType = sourcecode.swift; path = "Array+Extension.swift"; sourceTree = "<group>"; };
		8415A9F62558499500325B8C /* PokedexCellUpdater.swift */ = {isa = PBXFileReference; lastKnownFileType = sourcecode.swift; path = PokedexCellUpdater.swift; sourceTree = "<group>"; };
		841E9672253618F000FAD664 /* PokedexView.swift */ = {isa = PBXFileReference; lastKnownFileType = sourcecode.swift; path = PokedexView.swift; sourceTree = "<group>"; };
		841E96772536191700FAD664 /* FloatingMenu.swift */ = {isa = PBXFileReference; lastKnownFileType = sourcecode.swift; path = FloatingMenu.swift; sourceTree = "<group>"; };
		841E967C25361A0000FAD664 /* TypeUpdater.swift */ = {isa = PBXFileReference; lastKnownFileType = sourcecode.swift; path = TypeUpdater.swift; sourceTree = "<group>"; };
		841E96812536219500FAD664 /* PokemonsOfTypeList.swift */ = {isa = PBXFileReference; lastKnownFileType = sourcecode.swift; path = PokemonsOfTypeList.swift; sourceTree = "<group>"; };
		841E96872536365C00FAD664 /* TypeCardView.swift */ = {isa = PBXFileReference; lastKnownFileType = sourcecode.swift; path = TypeCardView.swift; sourceTree = "<group>"; };
		841E968C2536393800FAD664 /* AllTypeList.swift */ = {isa = PBXFileReference; lastKnownFileType = sourcecode.swift; path = AllTypeList.swift; sourceTree = "<group>"; };
		8422CFCB252E0E9D006F4535 /* NamedAPIResource.swift */ = {isa = PBXFileReference; lastKnownFileType = sourcecode.swift; path = NamedAPIResource.swift; sourceTree = "<group>"; };
		8422CFD0252E0F00006F4535 /* AbilitiesResult.swift */ = {isa = PBXFileReference; lastKnownFileType = sourcecode.swift; path = AbilitiesResult.swift; sourceTree = "<group>"; };
		843325F02539DD7E007E1AEA /* HeaderImageScrollView.swift */ = {isa = PBXFileReference; lastKnownFileType = sourcecode.swift; path = HeaderImageScrollView.swift; sourceTree = "<group>"; };
		84382D73253B5E3500F0B4AB /* Favorite+CoreDataClass.swift */ = {isa = PBXFileReference; lastKnownFileType = sourcecode.swift; path = "Favorite+CoreDataClass.swift"; sourceTree = "<group>"; };
		84382D74253B5E3500F0B4AB /* Favorite+CoreDataProperties.swift */ = {isa = PBXFileReference; lastKnownFileType = sourcecode.swift; path = "Favorite+CoreDataProperties.swift"; sourceTree = "<group>"; };
		84382D7B253B665200F0B4AB /* FavoriteView.swift */ = {isa = PBXFileReference; lastKnownFileType = sourcecode.swift; path = FavoriteView.swift; sourceTree = "<group>"; };
		8440590225374129009D4385 /* SearchBar.swift */ = {isa = PBXFileReference; lastKnownFileType = sourcecode.swift; path = SearchBar.swift; sourceTree = "<group>"; };
		8440590C253743E0009D4385 /* Biotif-BoldItalic.ttf */ = {isa = PBXFileReference; lastKnownFileType = file; path = "Biotif-BoldItalic.ttf"; sourceTree = "<group>"; };
		8440590D253743E0009D4385 /* Biotif-ExtraBold.ttf */ = {isa = PBXFileReference; lastKnownFileType = file; path = "Biotif-ExtraBold.ttf"; sourceTree = "<group>"; };
		8440590E253743E0009D4385 /* Biotif-SemiBold.ttf */ = {isa = PBXFileReference; lastKnownFileType = file; path = "Biotif-SemiBold.ttf"; sourceTree = "<group>"; };
		8440590F253743E0009D4385 /* Biotif-BlackItalic.ttf */ = {isa = PBXFileReference; lastKnownFileType = file; path = "Biotif-BlackItalic.ttf"; sourceTree = "<group>"; };
		84405910253743E0009D4385 /* Biotif-ExtraBoldItalic.ttf */ = {isa = PBXFileReference; lastKnownFileType = file; path = "Biotif-ExtraBoldItalic.ttf"; sourceTree = "<group>"; };
		84405911253743E0009D4385 /* Biotif-MediumItalic.ttf */ = {isa = PBXFileReference; lastKnownFileType = file; path = "Biotif-MediumItalic.ttf"; sourceTree = "<group>"; };
		84405912253743E0009D4385 /* Biotif-Medium.ttf */ = {isa = PBXFileReference; lastKnownFileType = file; path = "Biotif-Medium.ttf"; sourceTree = "<group>"; };
		84405913253743E0009D4385 /* Biotif-SemiBoldItalic.ttf */ = {isa = PBXFileReference; lastKnownFileType = file; path = "Biotif-SemiBoldItalic.ttf"; sourceTree = "<group>"; };
		84405914253743E0009D4385 /* Biotif-Black.ttf */ = {isa = PBXFileReference; lastKnownFileType = file; path = "Biotif-Black.ttf"; sourceTree = "<group>"; };
		84405915253743E0009D4385 /* Biotif-LightItalic.ttf */ = {isa = PBXFileReference; lastKnownFileType = file; path = "Biotif-LightItalic.ttf"; sourceTree = "<group>"; };
		84405916253743E0009D4385 /* Biotif-RegularItalic.ttf */ = {isa = PBXFileReference; lastKnownFileType = file; path = "Biotif-RegularItalic.ttf"; sourceTree = "<group>"; };
		84405917253743E1009D4385 /* Biotif-Book.ttf */ = {isa = PBXFileReference; lastKnownFileType = file; path = "Biotif-Book.ttf"; sourceTree = "<group>"; };
		84405918253743E1009D4385 /* Biotif-BookItalic.ttf */ = {isa = PBXFileReference; lastKnownFileType = file; path = "Biotif-BookItalic.ttf"; sourceTree = "<group>"; };
		84405919253743E1009D4385 /* Biotif-Bold.ttf */ = {isa = PBXFileReference; lastKnownFileType = file; path = "Biotif-Bold.ttf"; sourceTree = "<group>"; };
		8440591A253743E1009D4385 /* Biotif-Regular.ttf */ = {isa = PBXFileReference; lastKnownFileType = file; path = "Biotif-Regular.ttf"; sourceTree = "<group>"; };
		8440591B253743E1009D4385 /* Biotif-Light.ttf */ = {isa = PBXFileReference; lastKnownFileType = file; path = "Biotif-Light.ttf"; sourceTree = "<group>"; };
		8440592F253745A9009D4385 /* Test.storyboard */ = {isa = PBXFileReference; lastKnownFileType = file.storyboard; path = Test.storyboard; sourceTree = "<group>"; };
		8440593425374B69009D4385 /* Font.swift */ = {isa = PBXFileReference; lastKnownFileType = sourcecode.swift; path = Font.swift; sourceTree = "<group>"; };
		84489744255C42FE00DD0E01 /* MoveDetailUpdater.swift */ = {isa = PBXFileReference; lastKnownFileType = sourcecode.swift; path = MoveDetailUpdater.swift; sourceTree = "<group>"; };
		8452007F2549D5C700E02FDF /* Reachability.swift */ = {isa = PBXFileReference; lastKnownFileType = sourcecode.swift; path = Reachability.swift; sourceTree = "<group>"; };
		846F3BD0253BE459003A30C6 /* FavoriteUpdater.swift */ = {isa = PBXFileReference; lastKnownFileType = sourcecode.swift; path = FavoriteUpdater.swift; sourceTree = "<group>"; };
		846F3BD5253C00B6003A30C6 /* LazyView.swift */ = {isa = PBXFileReference; lastKnownFileType = sourcecode.swift; path = LazyView.swift; sourceTree = "<group>"; };
		846F3C07253C8DBE003A30C6 /* DotDotDot.swift */ = {isa = PBXFileReference; lastKnownFileType = sourcecode.swift; path = DotDotDot.swift; sourceTree = "<group>"; };
		846F3C31253CA5F1003A30C6 /* UIImage+Extension.swift */ = {isa = PBXFileReference; lastKnownFileType = sourcecode.swift; path = "UIImage+Extension.swift"; sourceTree = "<group>"; };
		846F3C36253CA649003A30C6 /* GIFPlayerView.swift */ = {isa = PBXFileReference; lastKnownFileType = sourcecode.swift; path = GIFPlayerView.swift; sourceTree = "<group>"; };
		846F3C3E253CC026003A30C6 /* AbilityUpdater.swift */ = {isa = PBXFileReference; lastKnownFileType = sourcecode.swift; path = AbilityUpdater.swift; sourceTree = "<group>"; };
		846F3C47253CCB13003A30C6 /* AbilityView.swift */ = {isa = PBXFileReference; lastKnownFileType = sourcecode.swift; path = AbilityView.swift; sourceTree = "<group>"; };
		846F3C4F253CCB50003A30C6 /* SpeciesDetailView.swift */ = {isa = PBXFileReference; lastKnownFileType = sourcecode.swift; path = SpeciesDetailView.swift; sourceTree = "<group>"; };
		846F3C54253CCB82003A30C6 /* DetailViewWithGif.swift */ = {isa = PBXFileReference; lastKnownFileType = sourcecode.swift; path = DetailViewWithGif.swift; sourceTree = "<group>"; };
		84707A972530CB0400DEA772 /* Evolution.swift */ = {isa = PBXFileReference; lastKnownFileType = sourcecode.swift; path = Evolution.swift; sourceTree = "<group>"; };
		847A12302531584F00146D24 /* Move.swift */ = {isa = PBXFileReference; lastKnownFileType = sourcecode.swift; path = Move.swift; sourceTree = "<group>"; };
		847A12352531586D00146D24 /* Ability.swift */ = {isa = PBXFileReference; lastKnownFileType = sourcecode.swift; path = Ability.swift; sourceTree = "<group>"; };
		847A123A2531588400146D24 /* Machine.swift */ = {isa = PBXFileReference; lastKnownFileType = sourcecode.swift; path = Machine.swift; sourceTree = "<group>"; };
		847A123F253158C300146D24 /* APIResource.swift */ = {isa = PBXFileReference; lastKnownFileType = sourcecode.swift; path = APIResource.swift; sourceTree = "<group>"; };
		847A1244253158D700146D24 /* Meta.swift */ = {isa = PBXFileReference; lastKnownFileType = sourcecode.swift; path = Meta.swift; sourceTree = "<group>"; };
		847A1249253158FA00146D24 /* Item.swift */ = {isa = PBXFileReference; lastKnownFileType = sourcecode.swift; path = Item.swift; sourceTree = "<group>"; };
		847A124E25315C0600146D24 /* EvolutionUpdater.swift */ = {isa = PBXFileReference; lastKnownFileType = sourcecode.swift; path = EvolutionUpdater.swift; sourceTree = "<group>"; };
		847A125325316BF300146D24 /* EvolutionView.swift */ = {isa = PBXFileReference; lastKnownFileType = sourcecode.swift; path = EvolutionView.swift; sourceTree = "<group>"; };
		847A125E2531EF0500146D24 /* Stat.swift */ = {isa = PBXFileReference; lastKnownFileType = sourcecode.swift; path = Stat.swift; sourceTree = "<group>"; };
		847A126A2533249000146D24 /* AnimatedLikeButton.swift */ = {isa = PBXFileReference; lastKnownFileType = sourcecode.swift; path = AnimatedLikeButton.swift; sourceTree = "<group>"; };
		847A127F2533696200146D24 /* FlexibleGridView.swift */ = {isa = PBXFileReference; lastKnownFileType = sourcecode.swift; path = FlexibleGridView.swift; sourceTree = "<group>"; };
		847A128A25337ABB00146D24 /* VoiceHelper.swift */ = {isa = PBXFileReference; lastKnownFileType = sourcecode.swift; path = VoiceHelper.swift; sourceTree = "<group>"; };
		847A128F2533871200146D24 /* PulsatingPlayButton.swift */ = {isa = PBXFileReference; lastKnownFileType = sourcecode.swift; path = PulsatingPlayButton.swift; sourceTree = "<group>"; };
		847A5AF2253BD4DC00496D8F /* BackButtonView.swift */ = {isa = PBXFileReference; lastKnownFileType = sourcecode.swift; path = BackButtonView.swift; sourceTree = "<group>"; };
		8483127C2538B005006FBCD6 /* Publishers+Extension.swift */ = {isa = PBXFileReference; lastKnownFileType = sourcecode.swift; path = "Publishers+Extension.swift"; sourceTree = "<group>"; };
		8489E44A25657A1D0017821E /* HomeView.swift */ = {isa = PBXFileReference; lastKnownFileType = sourcecode.swift; path = HomeView.swift; sourceTree = "<group>"; };
		8489E47E256809740017821E /* Pokedex.swift */ = {isa = PBXFileReference; lastKnownFileType = sourcecode.swift; path = Pokedex.swift; sourceTree = "<group>"; };
		8489E483256815510017821E /* LocationPokemonGridCellView.swift */ = {isa = PBXFileReference; lastKnownFileType = sourcecode.swift; path = LocationPokemonGridCellView.swift; sourceTree = "<group>"; };
		8493589C2557344B00A782A9 /* CustomCorner.swift */ = {isa = PBXFileReference; lastKnownFileType = sourcecode.swift; path = CustomCorner.swift; sourceTree = "<group>"; };
		8497FE122547C085006B7100 /* ErrorHandler.swift */ = {isa = PBXFileReference; lastKnownFileType = sourcecode.swift; path = ErrorHandler.swift; sourceTree = "<group>"; };
		84CF1780253DD75400FF312B /* TappablePokemonCell.swift */ = {isa = PBXFileReference; fileEncoding = 4; lastKnownFileType = sourcecode.swift; path = TappablePokemonCell.swift; sourceTree = "<group>"; };
		84D278C225376831004755BE /* SubView.swift */ = {isa = PBXFileReference; lastKnownFileType = sourcecode.swift; path = SubView.swift; sourceTree = "<group>"; };
		84D9AFE4252B763500E4C9D5 /* PokemonResult.swift */ = {isa = PBXFileReference; lastKnownFileType = sourcecode.swift; path = PokemonResult.swift; sourceTree = "<group>"; };
		84D9AFE9252B774800E4C9D5 /* Session.swift */ = {isa = PBXFileReference; lastKnownFileType = sourcecode.swift; path = Session.swift; sourceTree = "<group>"; };
		84D9AFEE252B776800E4C9D5 /* Constant.swift */ = {isa = PBXFileReference; lastKnownFileType = sourcecode.swift; path = Constant.swift; sourceTree = "<group>"; };
		84D9AFF4252B802F00E4C9D5 /* Color+Extension.swift */ = {isa = PBXFileReference; lastKnownFileType = sourcecode.swift; path = "Color+Extension.swift"; sourceTree = "<group>"; };
		84D9AFF9252B849700E4C9D5 /* Type.swift */ = {isa = PBXFileReference; lastKnownFileType = sourcecode.swift; path = Type.swift; sourceTree = "<group>"; };
		84D9B001252B895500E4C9D5 /* PokemonUpdater.swift */ = {isa = PBXFileReference; lastKnownFileType = sourcecode.swift; path = PokemonUpdater.swift; sourceTree = "<group>"; };
		84F555F72533914000F09E84 /* LoadingView.swift */ = {isa = PBXFileReference; lastKnownFileType = sourcecode.swift; path = LoadingView.swift; sourceTree = "<group>"; };
		84F55603253398B900F09E84 /* CompleteView.swift */ = {isa = PBXFileReference; lastKnownFileType = sourcecode.swift; path = CompleteView.swift; sourceTree = "<group>"; };
		901E633E2537E5D600F75BF3 /* PokemonList.swift */ = {isa = PBXFileReference; lastKnownFileType = sourcecode.swift; path = PokemonList.swift; sourceTree = "<group>"; };
		90238B42255014B70087CF28 /* ReachabilityUpdater.swift */ = {isa = PBXFileReference; lastKnownFileType = sourcecode.swift; path = ReachabilityUpdater.swift; sourceTree = "<group>"; };
		90400AAB2530160000659CD1 /* UnitHelper.swift */ = {isa = PBXFileReference; lastKnownFileType = sourcecode.swift; path = UnitHelper.swift; sourceTree = "<group>"; };
		904168D2253070DA00362B47 /* StatUpdater.swift */ = {isa = PBXFileReference; lastKnownFileType = sourcecode.swift; path = StatUpdater.swift; sourceTree = "<group>"; };
		90454D29252E9E1F000F5B79 /* DetailPageView.swift */ = {isa = PBXFileReference; lastKnownFileType = sourcecode.swift; path = DetailPageView.swift; sourceTree = "<group>"; };
		9078CE5F253FF356003C597C /* PersistenceManager.swift */ = {isa = PBXFileReference; lastKnownFileType = sourcecode.swift; path = PersistenceManager.swift; sourceTree = "<group>"; };
		9078CE64253FF3C9003C597C /* UserDefault.swift */ = {isa = PBXFileReference; lastKnownFileType = sourcecode.swift; path = UserDefault.swift; sourceTree = "<group>"; };
		9078CE69253FF704003C597C /* PokemonsResource+CoreDataClass.swift */ = {isa = PBXFileReference; lastKnownFileType = sourcecode.swift; path = "PokemonsResource+CoreDataClass.swift"; sourceTree = "<group>"; };
		9078CE6A253FF704003C597C /* PokemonsResource+CoreDataProperties.swift */ = {isa = PBXFileReference; lastKnownFileType = sourcecode.swift; path = "PokemonsResource+CoreDataProperties.swift"; sourceTree = "<group>"; };
		9078CE73254006CC003C597C /* SearchDataPrepareUpdater.swift */ = {isa = PBXFileReference; lastKnownFileType = sourcecode.swift; path = SearchDataPrepareUpdater.swift; sourceTree = "<group>"; };
		9078CE8425402996003C597C /* SearchUpdater.swift */ = {isa = PBXFileReference; lastKnownFileType = sourcecode.swift; path = SearchUpdater.swift; sourceTree = "<group>"; };
		907D5F15252B12C500E30748 /* Pokedex.app */ = {isa = PBXFileReference; explicitFileType = wrapper.application; includeInIndex = 0; path = Pokedex.app; sourceTree = BUILT_PRODUCTS_DIR; };
		907D5F18252B12C500E30748 /* PokedexApp.swift */ = {isa = PBXFileReference; lastKnownFileType = sourcecode.swift; path = PokedexApp.swift; sourceTree = "<group>"; };
		907D5F1A252B12C500E30748 /* ContentView.swift */ = {isa = PBXFileReference; lastKnownFileType = sourcecode.swift; path = ContentView.swift; sourceTree = "<group>"; };
		907D5F1C252B12C700E30748 /* Assets.xcassets */ = {isa = PBXFileReference; lastKnownFileType = folder.assetcatalog; path = Assets.xcassets; sourceTree = "<group>"; };
		907D5F1F252B12C700E30748 /* Preview Assets.xcassets */ = {isa = PBXFileReference; lastKnownFileType = folder.assetcatalog; path = "Preview Assets.xcassets"; sourceTree = "<group>"; };
		907D5F21252B12C700E30748 /* Info.plist */ = {isa = PBXFileReference; lastKnownFileType = text.plist.xml; path = Info.plist; sourceTree = "<group>"; };
		907D5F26252B12C700E30748 /* PokedexTests.xctest */ = {isa = PBXFileReference; explicitFileType = wrapper.cfbundle; includeInIndex = 0; path = PokedexTests.xctest; sourceTree = BUILT_PRODUCTS_DIR; };
		907D5F2A252B12C700E30748 /* PokedexTests.swift */ = {isa = PBXFileReference; lastKnownFileType = sourcecode.swift; path = PokedexTests.swift; sourceTree = "<group>"; };
		907D5F2C252B12C700E30748 /* Info.plist */ = {isa = PBXFileReference; lastKnownFileType = text.plist.xml; path = Info.plist; sourceTree = "<group>"; };
		907D5F31252B12C700E30748 /* PokedexUITests.xctest */ = {isa = PBXFileReference; explicitFileType = wrapper.cfbundle; includeInIndex = 0; path = PokedexUITests.xctest; sourceTree = BUILT_PRODUCTS_DIR; };
		907D5F35252B12C700E30748 /* PokedexUITests.swift */ = {isa = PBXFileReference; lastKnownFileType = sourcecode.swift; path = PokedexUITests.swift; sourceTree = "<group>"; };
		907D5F37252B12C700E30748 /* Info.plist */ = {isa = PBXFileReference; lastKnownFileType = text.plist.xml; path = Info.plist; sourceTree = "<group>"; };
		907D5F47252B12E200E30748 /* PokedexCardView.swift */ = {isa = PBXFileReference; lastKnownFileType = sourcecode.swift; path = PokedexCardView.swift; sourceTree = "<group>"; };
		907D5F51252B130100E30748 /* ImageLoader.swift */ = {isa = PBXFileReference; lastKnownFileType = sourcecode.swift; path = ImageLoader.swift; sourceTree = "<group>"; };
		907D5F59252B186E00E30748 /* Color.swift */ = {isa = PBXFileReference; lastKnownFileType = sourcecode.swift; path = Color.swift; sourceTree = "<group>"; };
		907D5F5E252B1A3D00E30748 /* Pokemon.swift */ = {isa = PBXFileReference; lastKnownFileType = sourcecode.swift; path = Pokemon.swift; sourceTree = "<group>"; };
		907D5F64252B1AD700E30748 /* MainPokedexUpdater.swift */ = {isa = PBXFileReference; lastKnownFileType = sourcecode.swift; path = MainPokedexUpdater.swift; sourceTree = "<group>"; };
		907D5F73252B272600E30748 /* AllPokemonList.swift */ = {isa = PBXFileReference; lastKnownFileType = sourcecode.swift; path = AllPokemonList.swift; sourceTree = "<group>"; };
		90866DEB2567A05600EACA4B /* RegionListCellView.swift */ = {isa = PBXFileReference; lastKnownFileType = sourcecode.swift; path = RegionListCellView.swift; sourceTree = "<group>"; };
		90866DF32567A63D00EACA4B /* RegionUpdater.swift */ = {isa = PBXFileReference; lastKnownFileType = sourcecode.swift; path = RegionUpdater.swift; sourceTree = "<group>"; };
		90866DF82567A79A00EACA4B /* RegionAvatars.swift */ = {isa = PBXFileReference; lastKnownFileType = sourcecode.swift; path = RegionAvatars.swift; sourceTree = "<group>"; };
		90866DFD2567AC0600EACA4B /* RegionGridView.swift */ = {isa = PBXFileReference; lastKnownFileType = sourcecode.swift; path = RegionGridView.swift; sourceTree = "<group>"; };
		90866E462567D31D00EACA4B /* RegionDetailUpdater.swift */ = {isa = PBXFileReference; lastKnownFileType = sourcecode.swift; path = RegionDetailUpdater.swift; sourceTree = "<group>"; };
		90866E4B2567D3FF00EACA4B /* RegionDetailView.swift */ = {isa = PBXFileReference; lastKnownFileType = sourcecode.swift; path = RegionDetailView.swift; sourceTree = "<group>"; };
		9086780D2537F8FB0064B02C /* TapToPushView.swift */ = {isa = PBXFileReference; lastKnownFileType = sourcecode.swift; path = TapToPushView.swift; sourceTree = "<group>"; };
		9086781B2538064A0064B02C /* MoveDamageClass.swift */ = {isa = PBXFileReference; lastKnownFileType = sourcecode.swift; path = MoveDamageClass.swift; sourceTree = "<group>"; };
		908678292538239F0064B02C /* MovesView.swift */ = {isa = PBXFileReference; lastKnownFileType = sourcecode.swift; path = MovesView.swift; sourceTree = "<group>"; };
		908678322538439A0064B02C /* MovesUpdater.swift */ = {isa = PBXFileReference; lastKnownFileType = sourcecode.swift; path = MovesUpdater.swift; sourceTree = "<group>"; };
		908F65BB2546C20800E16454 /* ParallaxPokemonsList.swift */ = {isa = PBXFileReference; lastKnownFileType = sourcecode.swift; path = ParallaxPokemonsList.swift; sourceTree = "<group>"; };
		908F65C02546C22300E16454 /* NamedHeaderView.swift */ = {isa = PBXFileReference; lastKnownFileType = sourcecode.swift; path = NamedHeaderView.swift; sourceTree = "<group>"; };
		908F65CE2546D67D00E16454 /* LikedNotificationView.swift */ = {isa = PBXFileReference; lastKnownFileType = sourcecode.swift; path = LikedNotificationView.swift; sourceTree = "<group>"; };
		90AD3BDC252BFD0E009EECEE /* String+Extension.swift */ = {isa = PBXFileReference; lastKnownFileType = sourcecode.swift; path = "String+Extension.swift"; sourceTree = "<group>"; };
		90AD3BE1252C1016009EECEE /* Collection+Extensions.swift */ = {isa = PBXFileReference; fileEncoding = 4; lastKnownFileType = sourcecode.swift; path = "Collection+Extensions.swift"; sourceTree = "<group>"; };
		90BC1EC6252FF6AC00A39177 /* Species.swift */ = {isa = PBXFileReference; lastKnownFileType = sourcecode.swift; path = Species.swift; sourceTree = "<group>"; };
		90BC1ECB2530081500A39177 /* StringHelper.swift */ = {isa = PBXFileReference; lastKnownFileType = sourcecode.swift; path = StringHelper.swift; sourceTree = "<group>"; };
		90C1E48E252DC358009FD50D /* RotatingPokeballView.swift */ = {isa = PBXFileReference; lastKnownFileType = sourcecode.swift; path = RotatingPokeballView.swift; sourceTree = "<group>"; };
		90C1E496252DC5E0009FD50D /* PagerView.swift */ = {isa = PBXFileReference; lastKnownFileType = sourcecode.swift; path = PagerView.swift; sourceTree = "<group>"; };
		90DF66CA252EC580000284A6 /* View+Extension.swift */ = {isa = PBXFileReference; fileEncoding = 4; lastKnownFileType = sourcecode.swift; path = "View+Extension.swift"; sourceTree = "<group>"; };
		90DF66DE252EFF42000284A6 /* Devide+Extension.swift */ = {isa = PBXFileReference; lastKnownFileType = sourcecode.swift; path = "Devide+Extension.swift"; sourceTree = "<group>"; };
		90DF66E9252F0EA0000284A6 /* AboutView.swift */ = {isa = PBXFileReference; lastKnownFileType = sourcecode.swift; path = AboutView.swift; sourceTree = "<group>"; };
		90F0BBE8252F185B00A37B3C /* StatsView.swift */ = {isa = PBXFileReference; lastKnownFileType = sourcecode.swift; path = StatsView.swift; sourceTree = "<group>"; };
		90F9425025369620003C23FF /* Pokedex.entitlements */ = {isa = PBXFileReference; lastKnownFileType = text.plist.entitlements; path = Pokedex.entitlements; sourceTree = "<group>"; };
		90F9426C2536A4E4003C23FF /* HamburgerButtonView.swift */ = {isa = PBXFileReference; lastKnownFileType = sourcecode.swift; path = HamburgerButtonView.swift; sourceTree = "<group>"; };
		90F942B82536D381003C23FF /* TypeDetailUpdater.swift */ = {isa = PBXFileReference; lastKnownFileType = sourcecode.swift; path = TypeDetailUpdater.swift; sourceTree = "<group>"; };
		90F942CD2536DC5D003C23FF /* NavigationConfigurator.swift */ = {isa = PBXFileReference; lastKnownFileType = sourcecode.swift; path = NavigationConfigurator.swift; sourceTree = "<group>"; };
		90F942D52536DC79003C23FF /* WillDisappearHandler.swift */ = {isa = PBXFileReference; lastKnownFileType = sourcecode.swift; path = WillDisappearHandler.swift; sourceTree = "<group>"; };
		90F942FE2536FAD4003C23FF /* LoadingHorizontalView.swift */ = {isa = PBXFileReference; lastKnownFileType = sourcecode.swift; path = LoadingHorizontalView.swift; sourceTree = "<group>"; };
/* End PBXFileReference section */

/* Begin PBXFrameworksBuildPhase section */
		907D5F12252B12C500E30748 /* Frameworks */ = {
			isa = PBXFrameworksBuildPhase;
			buildActionMask = 2147483647;
			files = (
			);
			runOnlyForDeploymentPostprocessing = 0;
		};
		907D5F23252B12C700E30748 /* Frameworks */ = {
			isa = PBXFrameworksBuildPhase;
			buildActionMask = 2147483647;
			files = (
			);
			runOnlyForDeploymentPostprocessing = 0;
		};
		907D5F2E252B12C700E30748 /* Frameworks */ = {
			isa = PBXFrameworksBuildPhase;
			buildActionMask = 2147483647;
			files = (
			);
			runOnlyForDeploymentPostprocessing = 0;
		};
/* End PBXFrameworksBuildPhase section */

/* Begin PBXGroup section */
		8402DAD3253F4945007D222E /* ParallaxView */ = {
			isa = PBXGroup;
			children = (
				843325F02539DD7E007E1AEA /* HeaderImageScrollView.swift */,
				8402DAC2253F23EB007D222E /* ParallaxView.swift */,
				8402DAD4253F4966007D222E /* PokemonHeaderView.swift */,
				908F65CE2546D67D00E16454 /* LikedNotificationView.swift */,
			);
			path = ParallaxView;
			sourceTree = "<group>";
		};
		841E96862536363F00FAD664 /* TypeListView */ = {
			isa = PBXGroup;
			children = (
				841E96812536219500FAD664 /* PokemonsOfTypeList.swift */,
				841E96872536365C00FAD664 /* TypeCardView.swift */,
				841E968C2536393800FAD664 /* AllTypeList.swift */,
			);
			path = TypeListView;
			sourceTree = "<group>";
		};
		84382D7A253B663F00F0B4AB /* FavoriteView */ = {
			isa = PBXGroup;
			children = (
				84382D7B253B665200F0B4AB /* FavoriteView.swift */,
			);
			path = FavoriteView;
			sourceTree = "<group>";
		};
		8440590A253743BF009D4385 /* Resource */ = {
			isa = PBXGroup;
			children = (
				8440590B253743CD009D4385 /* Font */,
			);
			path = Resource;
			sourceTree = "<group>";
		};
		8440590B253743CD009D4385 /* Font */ = {
			isa = PBXGroup;
			children = (
				84405914253743E0009D4385 /* Biotif-Black.ttf */,
				8440590F253743E0009D4385 /* Biotif-BlackItalic.ttf */,
				84405919253743E1009D4385 /* Biotif-Bold.ttf */,
				8440590C253743E0009D4385 /* Biotif-BoldItalic.ttf */,
				84405917253743E1009D4385 /* Biotif-Book.ttf */,
				84405918253743E1009D4385 /* Biotif-BookItalic.ttf */,
				8440590D253743E0009D4385 /* Biotif-ExtraBold.ttf */,
				84405910253743E0009D4385 /* Biotif-ExtraBoldItalic.ttf */,
				8440591B253743E1009D4385 /* Biotif-Light.ttf */,
				84405915253743E0009D4385 /* Biotif-LightItalic.ttf */,
				84405912253743E0009D4385 /* Biotif-Medium.ttf */,
				84405911253743E0009D4385 /* Biotif-MediumItalic.ttf */,
				8440591A253743E1009D4385 /* Biotif-Regular.ttf */,
				84405916253743E0009D4385 /* Biotif-RegularItalic.ttf */,
				8440590E253743E0009D4385 /* Biotif-SemiBold.ttf */,
				84405913253743E0009D4385 /* Biotif-SemiBoldItalic.ttf */,
			);
			path = Font;
			sourceTree = "<group>";
		};
		846F3BC6253BD792003A30C6 /* Database */ = {
			isa = PBXGroup;
			children = (
				8412B354253B5BAB00C0843B /* PokemonModel.xcdatamodeld */,
				9078CE69253FF704003C597C /* PokemonsResource+CoreDataClass.swift */,
				9078CE6A253FF704003C597C /* PokemonsResource+CoreDataProperties.swift */,
				84382D73253B5E3500F0B4AB /* Favorite+CoreDataClass.swift */,
				84382D74253B5E3500F0B4AB /* Favorite+CoreDataProperties.swift */,
				9078CE5F253FF356003C597C /* PersistenceManager.swift */,
			);
			path = Database;
			sourceTree = "<group>";
		};
		846F3C46253CCAFD003A30C6 /* AboutView */ = {
			isa = PBXGroup;
			children = (
				90DF66E9252F0EA0000284A6 /* AboutView.swift */,
				846F3C47253CCB13003A30C6 /* AbilityView.swift */,
				846F3C4F253CCB50003A30C6 /* SpeciesDetailView.swift */,
				846F3C54253CCB82003A30C6 /* DetailViewWithGif.swift */,
			);
			path = AboutView;
			sourceTree = "<group>";
		};
		847A12972533874900146D24 /* Helper */ = {
			isa = PBXGroup;
			children = (
				90BC1ECB2530081500A39177 /* StringHelper.swift */,
				90400AAB2530160000659CD1 /* UnitHelper.swift */,
				847A128A25337ABB00146D24 /* VoiceHelper.swift */,
			);
			path = Helper;
			sourceTree = "<group>";
		};
		847A12982533876700146D24 /* Common */ = {
			isa = PBXGroup;
			children = (
				8497FE122547C085006B7100 /* ErrorHandler.swift */,
				907D5F59252B186E00E30748 /* Color.swift */,
				84D9AFEE252B776800E4C9D5 /* Constant.swift */,
				9078CE64253FF3C9003C597C /* UserDefault.swift */,
				907D5F51252B130100E30748 /* ImageLoader.swift */,
				8452007F2549D5C700E02FDF /* Reachability.swift */,
			);
			path = Common;
			sourceTree = "<group>";
		};
		8489E44925657A0C0017821E /* HomeView */ = {
			isa = PBXGroup;
			children = (
				8489E44A25657A1D0017821E /* HomeView.swift */,
			);
			path = HomeView;
			sourceTree = "<group>";
		};
		84B40AA725348ABE00E31921 /* PageView */ = {
			isa = PBXGroup;
			children = (
				90454D29252E9E1F000F5B79 /* DetailPageView.swift */,
				90C1E496252DC5E0009FD50D /* PagerView.swift */,
			);
			path = PageView;
			sourceTree = "<group>";
		};
		84BD488E25367D5800D3D634 /* PokedexView */ = {
			isa = PBXGroup;
			children = (
				90454D1B252E9DA0000F5B79 /* PokedexListView */,
				841E96772536191700FAD664 /* FloatingMenu.swift */,
				841E9672253618F000FAD664 /* PokedexView.swift */,
				84D278C225376831004755BE /* SubView.swift */,
				8440590225374129009D4385 /* SearchBar.swift */,
			);
			path = PokedexView;
			sourceTree = "<group>";
		};
		84C50A942564350D00FAD90D /* StatsView */ = {
			isa = PBXGroup;
			children = (
				90F0BBE8252F185B00A37B3C /* StatsView.swift */,
			);
			path = StatsView;
			sourceTree = "<group>";
		};
		84C50A952564351600FAD90D /* EvolutionView */ = {
			isa = PBXGroup;
			children = (
				847A125325316BF300146D24 /* EvolutionView.swift */,
			);
			path = EvolutionView;
			sourceTree = "<group>";
		};
		84C50A962564352300FAD90D /* MovesView */ = {
			isa = PBXGroup;
			children = (
				908678292538239F0064B02C /* MovesView.swift */,
			);
			path = MovesView;
			sourceTree = "<group>";
		};
		84D9AFE3252B761C00E4C9D5 /* Network */ = {
			isa = PBXGroup;
			children = (
				84D9AFE9252B774800E4C9D5 /* Session.swift */,
			);
			path = Network;
			sourceTree = "<group>";
		};
		84D9AFF3252B801E00E4C9D5 /* Extension */ = {
			isa = PBXGroup;
			children = (
				90DF66CA252EC580000284A6 /* View+Extension.swift */,
				90AD3BE1252C1016009EECEE /* Collection+Extensions.swift */,
				84D9AFF4252B802F00E4C9D5 /* Color+Extension.swift */,
				90AD3BDC252BFD0E009EECEE /* String+Extension.swift */,
				90DF66DE252EFF42000284A6 /* Devide+Extension.swift */,
				8483127C2538B005006FBCD6 /* Publishers+Extension.swift */,
				846F3C31253CA5F1003A30C6 /* UIImage+Extension.swift */,
				8415A9F12558495600325B8C /* Array+Extension.swift */,
			);
			path = Extension;
			sourceTree = "<group>";
		};
		901E63432537E60100F75BF3 /* AnimatedView */ = {
			isa = PBXGroup;
			children = (
				90C1E48E252DC358009FD50D /* RotatingPokeballView.swift */,
				847A126A2533249000146D24 /* AnimatedLikeButton.swift */,
				847A128F2533871200146D24 /* PulsatingPlayButton.swift */,
				84F555F72533914000F09E84 /* LoadingView.swift */,
				84F55603253398B900F09E84 /* CompleteView.swift */,
				90F9426C2536A4E4003C23FF /* HamburgerButtonView.swift */,
				90F942FE2536FAD4003C23FF /* LoadingHorizontalView.swift */,
				846F3C07253C8DBE003A30C6 /* DotDotDot.swift */,
			);
			path = AnimatedView;
			sourceTree = "<group>";
		};
		901E63472537E6AD00F75BF3 /* ReusableView */ = {
			isa = PBXGroup;
			children = (
				847A127F2533696200146D24 /* FlexibleGridView.swift */,
				8407B853252CB88300341270 /* DownloadedImageView.swift */,
				9086780D2537F8FB0064B02C /* TapToPushView.swift */,
				847A5AF2253BD4DC00496D8F /* BackButtonView.swift */,
				846F3BD5253C00B6003A30C6 /* LazyView.swift */,
				840BBB86253F4D25002E6349 /* CustomBigTitleNavigationView.swift */,
				908F65BB2546C20800E16454 /* ParallaxPokemonsList.swift */,
				908F65C02546C22300E16454 /* NamedHeaderView.swift */,
				8493589C2557344B00A782A9 /* CustomCorner.swift */,
			);
			path = ReusableView;
			sourceTree = "<group>";
		};
		90454D1B252E9DA0000F5B79 /* PokedexListView */ = {
			isa = PBXGroup;
			children = (
				907D5F47252B12E200E30748 /* PokedexCardView.swift */,
				901E633E2537E5D600F75BF3 /* PokemonList.swift */,
				84CF1780253DD75400FF312B /* TappablePokemonCell.swift */,
				907D5F73252B272600E30748 /* AllPokemonList.swift */,
			);
			path = PokedexListView;
			sourceTree = "<group>";
		};
		90454D1C252E9DB1000F5B79 /* PokemonView */ = {
			isa = PBXGroup;
			children = (
				8402DAD3253F4945007D222E /* ParallaxView */,
				84B40AA725348ABE00E31921 /* PageView */,
				90DF66EE252F0EBE000284A6 /* Detail */,
			);
			path = PokemonView;
			sourceTree = "<group>";
		};
		907D5F0C252B12C500E30748 = {
			isa = PBXGroup;
			children = (
				907D5F17252B12C500E30748 /* Pokedex */,
				907D5F29252B12C700E30748 /* PokedexTests */,
				907D5F34252B12C700E30748 /* PokedexUITests */,
				907D5F16252B12C500E30748 /* Products */,
			);
			sourceTree = "<group>";
		};
		907D5F16252B12C500E30748 /* Products */ = {
			isa = PBXGroup;
			children = (
				907D5F15252B12C500E30748 /* Pokedex.app */,
				907D5F26252B12C700E30748 /* PokedexTests.xctest */,
				907D5F31252B12C700E30748 /* PokedexUITests.xctest */,
			);
			name = Products;
			sourceTree = "<group>";
		};
		907D5F17252B12C500E30748 /* Pokedex */ = {
			isa = PBXGroup;
			children = (
				846F3BC6253BD792003A30C6 /* Database */,
				90F9425025369620003C23FF /* Pokedex.entitlements */,
				8440590A253743BF009D4385 /* Resource */,
				84D9AFE3252B761C00E4C9D5 /* Network */,
				907D5F6C252B23CF00E30748 /* Model */,
				907D5F46252B12D000E30748 /* View */,
				907D5F63252B1ACC00E30748 /* ViewModel */,
				907D5F4F252B12ED00E30748 /* Utilites */,
				907D5F18252B12C500E30748 /* PokedexApp.swift */,
				907D5F1A252B12C500E30748 /* ContentView.swift */,
				907D5F1C252B12C700E30748 /* Assets.xcassets */,
				907D5F21252B12C700E30748 /* Info.plist */,
				907D5F1E252B12C700E30748 /* Preview Content */,
				8440592F253745A9009D4385 /* Test.storyboard */,
			);
			path = Pokedex;
			sourceTree = "<group>";
		};
		907D5F1E252B12C700E30748 /* Preview Content */ = {
			isa = PBXGroup;
			children = (
				907D5F1F252B12C700E30748 /* Preview Assets.xcassets */,
			);
			path = "Preview Content";
			sourceTree = "<group>";
		};
		907D5F29252B12C700E30748 /* PokedexTests */ = {
			isa = PBXGroup;
			children = (
				907D5F2A252B12C700E30748 /* PokedexTests.swift */,
				907D5F2C252B12C700E30748 /* Info.plist */,
			);
			path = PokedexTests;
			sourceTree = "<group>";
		};
		907D5F34252B12C700E30748 /* PokedexUITests */ = {
			isa = PBXGroup;
			children = (
				907D5F35252B12C700E30748 /* PokedexUITests.swift */,
				907D5F37252B12C700E30748 /* Info.plist */,
			);
			path = PokedexUITests;
			sourceTree = "<group>";
		};
		907D5F46252B12D000E30748 /* View */ = {
			isa = PBXGroup;
			children = (
				90866DEA2567A03E00EACA4B /* RegionView */,
				8489E44925657A0C0017821E /* HomeView */,
				84BD488E25367D5800D3D634 /* PokedexView */,
				84382D7A253B663F00F0B4AB /* FavoriteView */,
				841E96862536363F00FAD664 /* TypeListView */,
				90454D1C252E9DB1000F5B79 /* PokemonView */,
				90C1E48D252DC32D009FD50D /* Common */,
			);
			path = View;
			sourceTree = "<group>";
		};
		907D5F4F252B12ED00E30748 /* Utilites */ = {
			isa = PBXGroup;
			children = (
				847A12982533876700146D24 /* Common */,
				847A12972533874900146D24 /* Helper */,
				84D9AFF3252B801E00E4C9D5 /* Extension */,
			);
			path = Utilites;
			sourceTree = "<group>";
		};
		907D5F63252B1ACC00E30748 /* ViewModel */ = {
			isa = PBXGroup;
			children = (
				841E967C25361A0000FAD664 /* TypeUpdater.swift */,
				907D5F64252B1AD700E30748 /* MainPokedexUpdater.swift */,
				84D9B001252B895500E4C9D5 /* PokemonUpdater.swift */,
				904168D2253070DA00362B47 /* StatUpdater.swift */,
				847A124E25315C0600146D24 /* EvolutionUpdater.swift */,
				90F942B82536D381003C23FF /* TypeDetailUpdater.swift */,
				908678322538439A0064B02C /* MovesUpdater.swift */,
				846F3BD0253BE459003A30C6 /* FavoriteUpdater.swift */,
				846F3C3E253CC026003A30C6 /* AbilityUpdater.swift */,
				9078CE73254006CC003C597C /* SearchDataPrepareUpdater.swift */,
				9078CE8425402996003C597C /* SearchUpdater.swift */,
				90238B42255014B70087CF28 /* ReachabilityUpdater.swift */,
				8415A9F62558499500325B8C /* PokedexCellUpdater.swift */,
				84489744255C42FE00DD0E01 /* MoveDetailUpdater.swift */,
			);
			path = ViewModel;
			sourceTree = "<group>";
		};
		907D5F6C252B23CF00E30748 /* Model */ = {
			isa = PBXGroup;
			children = (
				907D5F5E252B1A3D00E30748 /* Pokemon.swift */,
				847A1249253158FA00146D24 /* Item.swift */,
				84D9AFE4252B763500E4C9D5 /* PokemonResult.swift */,
				84D9AFF9252B849700E4C9D5 /* Type.swift */,
				8422CFCB252E0E9D006F4535 /* NamedAPIResource.swift */,
				8422CFD0252E0F00006F4535 /* AbilitiesResult.swift */,
				90BC1EC6252FF6AC00A39177 /* Species.swift */,
				84707A972530CB0400DEA772 /* Evolution.swift */,
				847A12302531584F00146D24 /* Move.swift */,
				847A12352531586D00146D24 /* Ability.swift */,
				847A123A2531588400146D24 /* Machine.swift */,
				847A123F253158C300146D24 /* APIResource.swift */,
				847A1244253158D700146D24 /* Meta.swift */,
				847A125E2531EF0500146D24 /* Stat.swift */,
				8440593425374B69009D4385 /* Font.swift */,
				9086781B2538064A0064B02C /* MoveDamageClass.swift */,
				90866DF82567A79A00EACA4B /* RegionAvatars.swift */,
				8489E47E256809740017821E /* Pokedex.swift */,
			);
			path = Model;
			sourceTree = "<group>";
		};
		90866DEA2567A03E00EACA4B /* RegionView */ = {
			isa = PBXGroup;
			children = (
				90866E452567D30C00EACA4B /* RegionDetail */,
				90866E442567D30100EACA4B /* RegionList */,
			);
			path = RegionView;
			sourceTree = "<group>";
		};
		90866E442567D30100EACA4B /* RegionList */ = {
			isa = PBXGroup;
			children = (
				90866DEB2567A05600EACA4B /* RegionListCellView.swift */,
				90866DF32567A63D00EACA4B /* RegionUpdater.swift */,
				90866DFD2567AC0600EACA4B /* RegionGridView.swift */,
			);
			path = RegionList;
			sourceTree = "<group>";
		};
		90866E452567D30C00EACA4B /* RegionDetail */ = {
			isa = PBXGroup;
			children = (
				90866E462567D31D00EACA4B /* RegionDetailUpdater.swift */,
				90866E4B2567D3FF00EACA4B /* RegionDetailView.swift */,
				8489E483256815510017821E /* LocationPokemonGridCellView.swift */,
			);
			path = RegionDetail;
			sourceTree = "<group>";
		};
		90C1E48D252DC32D009FD50D /* Common */ = {
			isa = PBXGroup;
			children = (
				90F942CC2536DC4E003C23FF /* UIViewConfigurator */,
				901E63472537E6AD00F75BF3 /* ReusableView */,
				901E63432537E60100F75BF3 /* AnimatedView */,
			);
			path = Common;
			sourceTree = "<group>";
		};
		90DF66EE252F0EBE000284A6 /* Detail */ = {
			isa = PBXGroup;
			children = (
				84C50A962564352300FAD90D /* MovesView */,
				84C50A952564351600FAD90D /* EvolutionView */,
				84C50A942564350D00FAD90D /* StatsView */,
				846F3C46253CCAFD003A30C6 /* AboutView */,
			);
			path = Detail;
			sourceTree = "<group>";
		};
		90F942CC2536DC4E003C23FF /* UIViewConfigurator */ = {
			isa = PBXGroup;
			children = (
				90F942CD2536DC5D003C23FF /* NavigationConfigurator.swift */,
				90F942D52536DC79003C23FF /* WillDisappearHandler.swift */,
				846F3C36253CA649003A30C6 /* GIFPlayerView.swift */,
			);
			path = UIViewConfigurator;
			sourceTree = "<group>";
		};
/* End PBXGroup section */

/* Begin PBXNativeTarget section */
		907D5F14252B12C500E30748 /* Pokedex */ = {
			isa = PBXNativeTarget;
			buildConfigurationList = 907D5F3A252B12C800E30748 /* Build configuration list for PBXNativeTarget "Pokedex" */;
			buildPhases = (
				907D5F11252B12C500E30748 /* Sources */,
				907D5F12252B12C500E30748 /* Frameworks */,
				907D5F13252B12C500E30748 /* Resources */,
			);
			buildRules = (
			);
			dependencies = (
			);
			name = Pokedex;
			productName = Pokedex;
			productReference = 907D5F15252B12C500E30748 /* Pokedex.app */;
			productType = "com.apple.product-type.application";
		};
		907D5F25252B12C700E30748 /* PokedexTests */ = {
			isa = PBXNativeTarget;
			buildConfigurationList = 907D5F3D252B12C800E30748 /* Build configuration list for PBXNativeTarget "PokedexTests" */;
			buildPhases = (
				907D5F22252B12C700E30748 /* Sources */,
				907D5F23252B12C700E30748 /* Frameworks */,
				907D5F24252B12C700E30748 /* Resources */,
			);
			buildRules = (
			);
			dependencies = (
				907D5F28252B12C700E30748 /* PBXTargetDependency */,
			);
			name = PokedexTests;
			productName = PokedexTests;
			productReference = 907D5F26252B12C700E30748 /* PokedexTests.xctest */;
			productType = "com.apple.product-type.bundle.unit-test";
		};
		907D5F30252B12C700E30748 /* PokedexUITests */ = {
			isa = PBXNativeTarget;
			buildConfigurationList = 907D5F40252B12C800E30748 /* Build configuration list for PBXNativeTarget "PokedexUITests" */;
			buildPhases = (
				907D5F2D252B12C700E30748 /* Sources */,
				907D5F2E252B12C700E30748 /* Frameworks */,
				907D5F2F252B12C700E30748 /* Resources */,
			);
			buildRules = (
			);
			dependencies = (
				907D5F33252B12C700E30748 /* PBXTargetDependency */,
			);
			name = PokedexUITests;
			productName = PokedexUITests;
			productReference = 907D5F31252B12C700E30748 /* PokedexUITests.xctest */;
			productType = "com.apple.product-type.bundle.ui-testing";
		};
/* End PBXNativeTarget section */

/* Begin PBXProject section */
		907D5F0D252B12C500E30748 /* Project object */ = {
			isa = PBXProject;
			attributes = {
				LastSwiftUpdateCheck = 1200;
				LastUpgradeCheck = 1200;
				TargetAttributes = {
					907D5F14252B12C500E30748 = {
						CreatedOnToolsVersion = 12.0.1;
					};
					907D5F25252B12C700E30748 = {
						CreatedOnToolsVersion = 12.0.1;
						TestTargetID = 907D5F14252B12C500E30748;
					};
					907D5F30252B12C700E30748 = {
						CreatedOnToolsVersion = 12.0.1;
						TestTargetID = 907D5F14252B12C500E30748;
					};
				};
			};
			buildConfigurationList = 907D5F10252B12C500E30748 /* Build configuration list for PBXProject "Pokedex" */;
			compatibilityVersion = "Xcode 9.3";
			developmentRegion = en;
			hasScannedForEncodings = 0;
			knownRegions = (
				en,
				Base,
			);
			mainGroup = 907D5F0C252B12C500E30748;
			productRefGroup = 907D5F16252B12C500E30748 /* Products */;
			projectDirPath = "";
			projectRoot = "";
			targets = (
				907D5F14252B12C500E30748 /* Pokedex */,
				907D5F25252B12C700E30748 /* PokedexTests */,
				907D5F30252B12C700E30748 /* PokedexUITests */,
			);
		};
/* End PBXProject section */

/* Begin PBXResourcesBuildPhase section */
		907D5F13252B12C500E30748 /* Resources */ = {
			isa = PBXResourcesBuildPhase;
			buildActionMask = 2147483647;
			files = (
				84405923253743E1009D4385 /* Biotif-SemiBoldItalic.ttf in Resources */,
				907D5F20252B12C700E30748 /* Preview Assets.xcassets in Resources */,
				84405925253743E1009D4385 /* Biotif-LightItalic.ttf in Resources */,
				8440591C253743E1009D4385 /* Biotif-BoldItalic.ttf in Resources */,
				8440592A253743E1009D4385 /* Biotif-Regular.ttf in Resources */,
				84405927253743E1009D4385 /* Biotif-Book.ttf in Resources */,
				907D5F1D252B12C700E30748 /* Assets.xcassets in Resources */,
				84405929253743E1009D4385 /* Biotif-Bold.ttf in Resources */,
				8440592B253743E1009D4385 /* Biotif-Light.ttf in Resources */,
				84405924253743E1009D4385 /* Biotif-Black.ttf in Resources */,
				8440591D253743E1009D4385 /* Biotif-ExtraBold.ttf in Resources */,
				84405921253743E1009D4385 /* Biotif-MediumItalic.ttf in Resources */,
				84405928253743E1009D4385 /* Biotif-BookItalic.ttf in Resources */,
				84405926253743E1009D4385 /* Biotif-RegularItalic.ttf in Resources */,
				84405930253745A9009D4385 /* Test.storyboard in Resources */,
				8440591E253743E1009D4385 /* Biotif-SemiBold.ttf in Resources */,
				8440591F253743E1009D4385 /* Biotif-BlackItalic.ttf in Resources */,
				84405920253743E1009D4385 /* Biotif-ExtraBoldItalic.ttf in Resources */,
				84405922253743E1009D4385 /* Biotif-Medium.ttf in Resources */,
			);
			runOnlyForDeploymentPostprocessing = 0;
		};
		907D5F24252B12C700E30748 /* Resources */ = {
			isa = PBXResourcesBuildPhase;
			buildActionMask = 2147483647;
			files = (
			);
			runOnlyForDeploymentPostprocessing = 0;
		};
		907D5F2F252B12C700E30748 /* Resources */ = {
			isa = PBXResourcesBuildPhase;
			buildActionMask = 2147483647;
			files = (
			);
			runOnlyForDeploymentPostprocessing = 0;
		};
/* End PBXResourcesBuildPhase section */

/* Begin PBXSourcesBuildPhase section */
		907D5F11252B12C500E30748 /* Sources */ = {
			isa = PBXSourcesBuildPhase;
			buildActionMask = 2147483647;
			files = (
				90F942D62536DC79003C23FF /* WillDisappearHandler.swift in Sources */,
				847A1245253158D700146D24 /* Meta.swift in Sources */,
				847A12362531586D00146D24 /* Ability.swift in Sources */,
				8415A9F22558495600325B8C /* Array+Extension.swift in Sources */,
				84F55604253398B900F09E84 /* CompleteView.swift in Sources */,
				901E633F2537E5D600F75BF3 /* PokemonList.swift in Sources */,
				8489E47F256809740017821E /* Pokedex.swift in Sources */,
				847A12902533871200146D24 /* PulsatingPlayButton.swift in Sources */,
				846F3C3F253CC026003A30C6 /* AbilityUpdater.swift in Sources */,
				90F942FF2536FAD5003C23FF /* LoadingHorizontalView.swift in Sources */,
				8422CFD1252E0F00006F4535 /* AbilitiesResult.swift in Sources */,
				9078CE6B253FF704003C597C /* PokemonsResource+CoreDataClass.swift in Sources */,
				908F65BC2546C20800E16454 /* ParallaxPokemonsList.swift in Sources */,
				84D9AFEA252B774800E4C9D5 /* Session.swift in Sources */,
				846F3C37253CA649003A30C6 /* GIFPlayerView.swift in Sources */,
				847A124F25315C0600146D24 /* EvolutionUpdater.swift in Sources */,
				840BBB87253F4D25002E6349 /* CustomBigTitleNavigationView.swift in Sources */,
				9078CE65253FF3C9003C597C /* UserDefault.swift in Sources */,
				846F3C55253CCB82003A30C6 /* DetailViewWithGif.swift in Sources */,
				90866DF92567A79A00EACA4B /* RegionAvatars.swift in Sources */,
				847A126B2533249000146D24 /* AnimatedLikeButton.swift in Sources */,
				847A124A253158FA00146D24 /* Item.swift in Sources */,
				907D5F74252B272600E30748 /* AllPokemonList.swift in Sources */,
				847A128B25337ABC00146D24 /* VoiceHelper.swift in Sources */,
				84707A982530CB0400DEA772 /* Evolution.swift in Sources */,
				84382D7C253B665300F0B4AB /* FavoriteView.swift in Sources */,
				90400AAC2530160000659CD1 /* UnitHelper.swift in Sources */,
				90454D2A252E9E1F000F5B79 /* DetailPageView.swift in Sources */,
				90BC1ECC2530081500A39177 /* StringHelper.swift in Sources */,
				847A123B2531588400146D24 /* Machine.swift in Sources */,
				845200802549D5C700E02FDF /* Reachability.swift in Sources */,
				8440590325374129009D4385 /* SearchBar.swift in Sources */,
				90DF66EA252F0EA0000284A6 /* AboutView.swift in Sources */,
				843325F12539DD7E007E1AEA /* HeaderImageScrollView.swift in Sources */,
				84D9AFE5252B763500E4C9D5 /* PokemonResult.swift in Sources */,
				907D5F48252B12E200E30748 /* PokedexCardView.swift in Sources */,
				8440593525374B69009D4385 /* Font.swift in Sources */,
				90F942CE2536DC5D003C23FF /* NavigationConfigurator.swift in Sources */,
				84D9AFFA252B849700E4C9D5 /* Type.swift in Sources */,
				907D5F1B252B12C500E30748 /* ContentView.swift in Sources */,
				847A125F2531EF0500146D24 /* Stat.swift in Sources */,
				8489E44B25657A1D0017821E /* HomeView.swift in Sources */,
				847A125425316BF300146D24 /* EvolutionView.swift in Sources */,
				8489E484256815510017821E /* LocationPokemonGridCellView.swift in Sources */,
				8483127D2538B006006FBCD6 /* Publishers+Extension.swift in Sources */,
				90866E4C2567D3FF00EACA4B /* RegionDetailView.swift in Sources */,
				907D5F52252B130100E30748 /* ImageLoader.swift in Sources */,
				907D5F65252B1AD700E30748 /* MainPokedexUpdater.swift in Sources */,
				8402DAC3253F23EB007D222E /* ParallaxView.swift in Sources */,
				84D9AFF5252B802F00E4C9D5 /* Color+Extension.swift in Sources */,
				841E96882536365C00FAD664 /* TypeCardView.swift in Sources */,
				90BC1EC7252FF6AC00A39177 /* Species.swift in Sources */,
				90866DEC2567A05600EACA4B /* RegionListCellView.swift in Sources */,
				847A5AF3253BD4DC00496D8F /* BackButtonView.swift in Sources */,
				907D5F5A252B186E00E30748 /* Color.swift in Sources */,
				90866DFE2567AC0600EACA4B /* RegionGridView.swift in Sources */,
				90F9426D2536A4E4003C23FF /* HamburgerButtonView.swift in Sources */,
				8422CFCC252E0E9D006F4535 /* NamedAPIResource.swift in Sources */,
				846F3BD1253BE459003A30C6 /* FavoriteUpdater.swift in Sources */,
				9086782A2538239F0064B02C /* MovesView.swift in Sources */,
				84382D76253B5E3500F0B4AB /* Favorite+CoreDataProperties.swift in Sources */,
				9078CE8525402996003C597C /* SearchUpdater.swift in Sources */,
				846F3C32253CA5F1003A30C6 /* UIImage+Extension.swift in Sources */,
				908678332538439A0064B02C /* MovesUpdater.swift in Sources */,
				84D9AFEF252B776800E4C9D5 /* Constant.swift in Sources */,
				8497FE132547C085006B7100 /* ErrorHandler.swift in Sources */,
				846F3C50253CCB50003A30C6 /* SpeciesDetailView.swift in Sources */,
				84489745255C42FE00DD0E01 /* MoveDetailUpdater.swift in Sources */,
				84D9B002252B895500E4C9D5 /* PokemonUpdater.swift in Sources */,
				841E9673253618F000FAD664 /* PokedexView.swift in Sources */,
				9086781C2538064A0064B02C /* MoveDamageClass.swift in Sources */,
				8407B854252CB88300341270 /* DownloadedImageView.swift in Sources */,
				8412B356253B5BAB00C0843B /* PokemonModel.xcdatamodeld in Sources */,
				9086780E2537F8FB0064B02C /* TapToPushView.swift in Sources */,
				908F65CF2546D67D00E16454 /* LikedNotificationView.swift in Sources */,
				90C1E48F252DC358009FD50D /* RotatingPokeballView.swift in Sources */,
				90866DF42567A63D00EACA4B /* RegionUpdater.swift in Sources */,
				84CF1781253DD75400FF312B /* TappablePokemonCell.swift in Sources */,
				90DF66DF252EFF42000284A6 /* Devide+Extension.swift in Sources */,
				84D278C325376831004755BE /* SubView.swift in Sources */,
				907D5F19252B12C500E30748 /* PokedexApp.swift in Sources */,
				8402DAD5253F4966007D222E /* PokemonHeaderView.swift in Sources */,
				90AD3BE2252C1016009EECEE /* Collection+Extensions.swift in Sources */,
				847A12802533696200146D24 /* FlexibleGridView.swift in Sources */,
				846F3C48253CCB13003A30C6 /* AbilityView.swift in Sources */,
				90AD3BDD252BFD0E009EECEE /* String+Extension.swift in Sources */,
				846F3C08253C8DBE003A30C6 /* DotDotDot.swift in Sources */,
				907D5F5F252B1A3D00E30748 /* Pokemon.swift in Sources */,
				841E967D25361A0000FAD664 /* TypeUpdater.swift in Sources */,
				90F0BBE9252F185B00A37B3C /* StatsView.swift in Sources */,
				9078CE74254006CC003C597C /* SearchDataPrepareUpdater.swift in Sources */,
				8493589D2557344B00A782A9 /* CustomCorner.swift in Sources */,
				9078CE60253FF356003C597C /* PersistenceManager.swift in Sources */,
				8415A9F72558499500325B8C /* PokedexCellUpdater.swift in Sources */,
				84F555F82533914000F09E84 /* LoadingView.swift in Sources */,
				846F3BD6253C00B6003A30C6 /* LazyView.swift in Sources */,
				90238B43255014B70087CF28 /* ReachabilityUpdater.swift in Sources */,
				908F65C12546C22300E16454 /* NamedHeaderView.swift in Sources */,
				841E96782536191700FAD664 /* FloatingMenu.swift in Sources */,
				90DF66CB252EC580000284A6 /* View+Extension.swift in Sources */,
				84382D75253B5E3500F0B4AB /* Favorite+CoreDataClass.swift in Sources */,
				847A12312531584F00146D24 /* Move.swift in Sources */,
				841E96822536219500FAD664 /* PokemonsOfTypeList.swift in Sources */,
				90866E472567D31D00EACA4B /* RegionDetailUpdater.swift in Sources */,
				904168D3253070DA00362B47 /* StatUpdater.swift in Sources */,
				847A1240253158C300146D24 /* APIResource.swift in Sources */,
				90F942B92536D381003C23FF /* TypeDetailUpdater.swift in Sources */,
				9078CE6C253FF704003C597C /* PokemonsResource+CoreDataProperties.swift in Sources */,
				841E968D2536393800FAD664 /* AllTypeList.swift in Sources */,
				90C1E497252DC5E0009FD50D /* PagerView.swift in Sources */,
			);
			runOnlyForDeploymentPostprocessing = 0;
		};
		907D5F22252B12C700E30748 /* Sources */ = {
			isa = PBXSourcesBuildPhase;
			buildActionMask = 2147483647;
			files = (
				907D5F2B252B12C700E30748 /* PokedexTests.swift in Sources */,
			);
			runOnlyForDeploymentPostprocessing = 0;
		};
		907D5F2D252B12C700E30748 /* Sources */ = {
			isa = PBXSourcesBuildPhase;
			buildActionMask = 2147483647;
			files = (
				907D5F36252B12C700E30748 /* PokedexUITests.swift in Sources */,
			);
			runOnlyForDeploymentPostprocessing = 0;
		};
/* End PBXSourcesBuildPhase section */

/* Begin PBXTargetDependency section */
		907D5F28252B12C700E30748 /* PBXTargetDependency */ = {
			isa = PBXTargetDependency;
			target = 907D5F14252B12C500E30748 /* Pokedex */;
			targetProxy = 907D5F27252B12C700E30748 /* PBXContainerItemProxy */;
		};
		907D5F33252B12C700E30748 /* PBXTargetDependency */ = {
			isa = PBXTargetDependency;
			target = 907D5F14252B12C500E30748 /* Pokedex */;
			targetProxy = 907D5F32252B12C700E30748 /* PBXContainerItemProxy */;
		};
/* End PBXTargetDependency section */

/* Begin XCBuildConfiguration section */
		907D5F38252B12C800E30748 /* Debug */ = {
			isa = XCBuildConfiguration;
			buildSettings = {
				ALWAYS_SEARCH_USER_PATHS = NO;
				CLANG_ANALYZER_NONNULL = YES;
				CLANG_ANALYZER_NUMBER_OBJECT_CONVERSION = YES_AGGRESSIVE;
				CLANG_CXX_LANGUAGE_STANDARD = "gnu++14";
				CLANG_CXX_LIBRARY = "libc++";
				CLANG_ENABLE_MODULES = YES;
				CLANG_ENABLE_OBJC_ARC = YES;
				CLANG_ENABLE_OBJC_WEAK = YES;
				CLANG_WARN_BLOCK_CAPTURE_AUTORELEASING = YES;
				CLANG_WARN_BOOL_CONVERSION = YES;
				CLANG_WARN_COMMA = YES;
				CLANG_WARN_CONSTANT_CONVERSION = YES;
				CLANG_WARN_DEPRECATED_OBJC_IMPLEMENTATIONS = YES;
				CLANG_WARN_DIRECT_OBJC_ISA_USAGE = YES_ERROR;
				CLANG_WARN_DOCUMENTATION_COMMENTS = YES;
				CLANG_WARN_EMPTY_BODY = YES;
				CLANG_WARN_ENUM_CONVERSION = YES;
				CLANG_WARN_INFINITE_RECURSION = YES;
				CLANG_WARN_INT_CONVERSION = YES;
				CLANG_WARN_NON_LITERAL_NULL_CONVERSION = YES;
				CLANG_WARN_OBJC_IMPLICIT_RETAIN_SELF = YES;
				CLANG_WARN_OBJC_LITERAL_CONVERSION = YES;
				CLANG_WARN_OBJC_ROOT_CLASS = YES_ERROR;
				CLANG_WARN_QUOTED_INCLUDE_IN_FRAMEWORK_HEADER = YES;
				CLANG_WARN_RANGE_LOOP_ANALYSIS = YES;
				CLANG_WARN_STRICT_PROTOTYPES = YES;
				CLANG_WARN_SUSPICIOUS_MOVE = YES;
				CLANG_WARN_UNGUARDED_AVAILABILITY = YES_AGGRESSIVE;
				CLANG_WARN_UNREACHABLE_CODE = YES;
				CLANG_WARN__DUPLICATE_METHOD_MATCH = YES;
				COPY_PHASE_STRIP = NO;
				DEBUG_INFORMATION_FORMAT = dwarf;
				ENABLE_STRICT_OBJC_MSGSEND = YES;
				ENABLE_TESTABILITY = YES;
				GCC_C_LANGUAGE_STANDARD = gnu11;
				GCC_DYNAMIC_NO_PIC = NO;
				GCC_NO_COMMON_BLOCKS = YES;
				GCC_OPTIMIZATION_LEVEL = 0;
				GCC_PREPROCESSOR_DEFINITIONS = (
					"DEBUG=1",
					"$(inherited)",
				);
				GCC_WARN_64_TO_32_BIT_CONVERSION = YES;
				GCC_WARN_ABOUT_RETURN_TYPE = YES_ERROR;
				GCC_WARN_UNDECLARED_SELECTOR = YES;
				GCC_WARN_UNINITIALIZED_AUTOS = YES_AGGRESSIVE;
				GCC_WARN_UNUSED_FUNCTION = YES;
				GCC_WARN_UNUSED_VARIABLE = YES;
				IPHONEOS_DEPLOYMENT_TARGET = 14.0;
				MTL_ENABLE_DEBUG_INFO = INCLUDE_SOURCE;
				MTL_FAST_MATH = YES;
				ONLY_ACTIVE_ARCH = YES;
				SDKROOT = iphoneos;
				SWIFT_ACTIVE_COMPILATION_CONDITIONS = DEBUG;
				SWIFT_OPTIMIZATION_LEVEL = "-Onone";
			};
			name = Debug;
		};
		907D5F39252B12C800E30748 /* Release */ = {
			isa = XCBuildConfiguration;
			buildSettings = {
				ALWAYS_SEARCH_USER_PATHS = NO;
				CLANG_ANALYZER_NONNULL = YES;
				CLANG_ANALYZER_NUMBER_OBJECT_CONVERSION = YES_AGGRESSIVE;
				CLANG_CXX_LANGUAGE_STANDARD = "gnu++14";
				CLANG_CXX_LIBRARY = "libc++";
				CLANG_ENABLE_MODULES = YES;
				CLANG_ENABLE_OBJC_ARC = YES;
				CLANG_ENABLE_OBJC_WEAK = YES;
				CLANG_WARN_BLOCK_CAPTURE_AUTORELEASING = YES;
				CLANG_WARN_BOOL_CONVERSION = YES;
				CLANG_WARN_COMMA = YES;
				CLANG_WARN_CONSTANT_CONVERSION = YES;
				CLANG_WARN_DEPRECATED_OBJC_IMPLEMENTATIONS = YES;
				CLANG_WARN_DIRECT_OBJC_ISA_USAGE = YES_ERROR;
				CLANG_WARN_DOCUMENTATION_COMMENTS = YES;
				CLANG_WARN_EMPTY_BODY = YES;
				CLANG_WARN_ENUM_CONVERSION = YES;
				CLANG_WARN_INFINITE_RECURSION = YES;
				CLANG_WARN_INT_CONVERSION = YES;
				CLANG_WARN_NON_LITERAL_NULL_CONVERSION = YES;
				CLANG_WARN_OBJC_IMPLICIT_RETAIN_SELF = YES;
				CLANG_WARN_OBJC_LITERAL_CONVERSION = YES;
				CLANG_WARN_OBJC_ROOT_CLASS = YES_ERROR;
				CLANG_WARN_QUOTED_INCLUDE_IN_FRAMEWORK_HEADER = YES;
				CLANG_WARN_RANGE_LOOP_ANALYSIS = YES;
				CLANG_WARN_STRICT_PROTOTYPES = YES;
				CLANG_WARN_SUSPICIOUS_MOVE = YES;
				CLANG_WARN_UNGUARDED_AVAILABILITY = YES_AGGRESSIVE;
				CLANG_WARN_UNREACHABLE_CODE = YES;
				CLANG_WARN__DUPLICATE_METHOD_MATCH = YES;
				COPY_PHASE_STRIP = NO;
				DEBUG_INFORMATION_FORMAT = "dwarf-with-dsym";
				ENABLE_NS_ASSERTIONS = NO;
				ENABLE_STRICT_OBJC_MSGSEND = YES;
				GCC_C_LANGUAGE_STANDARD = gnu11;
				GCC_NO_COMMON_BLOCKS = YES;
				GCC_WARN_64_TO_32_BIT_CONVERSION = YES;
				GCC_WARN_ABOUT_RETURN_TYPE = YES_ERROR;
				GCC_WARN_UNDECLARED_SELECTOR = YES;
				GCC_WARN_UNINITIALIZED_AUTOS = YES_AGGRESSIVE;
				GCC_WARN_UNUSED_FUNCTION = YES;
				GCC_WARN_UNUSED_VARIABLE = YES;
				IPHONEOS_DEPLOYMENT_TARGET = 14.0;
				MTL_ENABLE_DEBUG_INFO = NO;
				MTL_FAST_MATH = YES;
				SDKROOT = iphoneos;
				SWIFT_COMPILATION_MODE = wholemodule;
				SWIFT_OPTIMIZATION_LEVEL = "-O";
				VALIDATE_PRODUCT = YES;
			};
			name = Release;
		};
		907D5F3B252B12C800E30748 /* Debug */ = {
			isa = XCBuildConfiguration;
			buildSettings = {
				ASSETCATALOG_COMPILER_APPICON_NAME = AppIcon;
				ASSETCATALOG_COMPILER_GLOBAL_ACCENT_COLOR_NAME = AccentColor;
				CODE_SIGN_ENTITLEMENTS = Pokedex/Pokedex.entitlements;
				CODE_SIGN_IDENTITY = "Apple Development";
				"CODE_SIGN_IDENTITY[sdk=macosx*]" = "Apple Development";
				CODE_SIGN_STYLE = Automatic;
				DEVELOPMENT_ASSET_PATHS = "\"Pokedex/Preview Content\"";
				DEVELOPMENT_TEAM = J243X8N8UC;
				ENABLE_PREVIEWS = YES;
				INFOPLIST_FILE = Pokedex/Info.plist;
				IPHONEOS_DEPLOYMENT_TARGET = 14.0;
				LD_RUNPATH_SEARCH_PATHS = (
					"$(inherited)",
					"@executable_path/Frameworks",
				);
				PRODUCT_BUNDLE_IDENTIFIER = qtcorp.Pokedex;
				PRODUCT_NAME = "$(TARGET_NAME)";
				PROVISIONING_PROFILE_SPECIFIER = "";
				"PROVISIONING_PROFILE_SPECIFIER[sdk=macosx*]" = "";
				SUPPORTS_MACCATALYST = NO;
				SWIFT_VERSION = 5.0;
				TARGETED_DEVICE_FAMILY = 1;
			};
			name = Debug;
		};
		907D5F3C252B12C800E30748 /* Release */ = {
			isa = XCBuildConfiguration;
			buildSettings = {
				ASSETCATALOG_COMPILER_APPICON_NAME = AppIcon;
				ASSETCATALOG_COMPILER_GLOBAL_ACCENT_COLOR_NAME = AccentColor;
				CODE_SIGN_ENTITLEMENTS = Pokedex/Pokedex.entitlements;
				CODE_SIGN_IDENTITY = "Apple Development";
				"CODE_SIGN_IDENTITY[sdk=macosx*]" = "Apple Development";
				CODE_SIGN_STYLE = Automatic;
				DEVELOPMENT_ASSET_PATHS = "\"Pokedex/Preview Content\"";
				DEVELOPMENT_TEAM = J243X8N8UC;
				ENABLE_PREVIEWS = YES;
				INFOPLIST_FILE = Pokedex/Info.plist;
				IPHONEOS_DEPLOYMENT_TARGET = 14.0;
				LD_RUNPATH_SEARCH_PATHS = (
					"$(inherited)",
					"@executable_path/Frameworks",
				);
				PRODUCT_BUNDLE_IDENTIFIER = qtcorp.Pokedex;
				PRODUCT_NAME = "$(TARGET_NAME)";
				PROVISIONING_PROFILE_SPECIFIER = "";
				"PROVISIONING_PROFILE_SPECIFIER[sdk=macosx*]" = "";
				SUPPORTS_MACCATALYST = NO;
				SWIFT_VERSION = 5.0;
				TARGETED_DEVICE_FAMILY = 1;
			};
			name = Release;
		};
		907D5F3E252B12C800E30748 /* Debug */ = {
			isa = XCBuildConfiguration;
			buildSettings = {
				ALWAYS_EMBED_SWIFT_STANDARD_LIBRARIES = YES;
				BUNDLE_LOADER = "$(TEST_HOST)";
				CODE_SIGN_STYLE = Automatic;
				DEVELOPMENT_TEAM = J243X8N8UC;
				INFOPLIST_FILE = PokedexTests/Info.plist;
				IPHONEOS_DEPLOYMENT_TARGET = 14.0;
				LD_RUNPATH_SEARCH_PATHS = (
					"$(inherited)",
					"@executable_path/Frameworks",
					"@loader_path/Frameworks",
				);
				PRODUCT_BUNDLE_IDENTIFIER = qtcorp.PokedexTests;
				PRODUCT_NAME = "$(TARGET_NAME)";
				SWIFT_VERSION = 5.0;
				TARGETED_DEVICE_FAMILY = "1,2";
				TEST_HOST = "$(BUILT_PRODUCTS_DIR)/Pokedex.app/Pokedex";
			};
			name = Debug;
		};
		907D5F3F252B12C800E30748 /* Release */ = {
			isa = XCBuildConfiguration;
			buildSettings = {
				ALWAYS_EMBED_SWIFT_STANDARD_LIBRARIES = YES;
				BUNDLE_LOADER = "$(TEST_HOST)";
				CODE_SIGN_STYLE = Automatic;
				DEVELOPMENT_TEAM = J243X8N8UC;
				INFOPLIST_FILE = PokedexTests/Info.plist;
				IPHONEOS_DEPLOYMENT_TARGET = 14.0;
				LD_RUNPATH_SEARCH_PATHS = (
					"$(inherited)",
					"@executable_path/Frameworks",
					"@loader_path/Frameworks",
				);
				PRODUCT_BUNDLE_IDENTIFIER = qtcorp.PokedexTests;
				PRODUCT_NAME = "$(TARGET_NAME)";
				SWIFT_VERSION = 5.0;
				TARGETED_DEVICE_FAMILY = "1,2";
				TEST_HOST = "$(BUILT_PRODUCTS_DIR)/Pokedex.app/Pokedex";
			};
			name = Release;
		};
		907D5F41252B12C800E30748 /* Debug */ = {
			isa = XCBuildConfiguration;
			buildSettings = {
				ALWAYS_EMBED_SWIFT_STANDARD_LIBRARIES = YES;
				CODE_SIGN_STYLE = Automatic;
				DEVELOPMENT_TEAM = J243X8N8UC;
				INFOPLIST_FILE = PokedexUITests/Info.plist;
				LD_RUNPATH_SEARCH_PATHS = (
					"$(inherited)",
					"@executable_path/Frameworks",
					"@loader_path/Frameworks",
				);
				PRODUCT_BUNDLE_IDENTIFIER = qtcorp.PokedexUITests;
				PRODUCT_NAME = "$(TARGET_NAME)";
				SWIFT_VERSION = 5.0;
				TARGETED_DEVICE_FAMILY = "1,2";
				TEST_TARGET_NAME = Pokedex;
			};
			name = Debug;
		};
		907D5F42252B12C800E30748 /* Release */ = {
			isa = XCBuildConfiguration;
			buildSettings = {
				ALWAYS_EMBED_SWIFT_STANDARD_LIBRARIES = YES;
				CODE_SIGN_STYLE = Automatic;
				DEVELOPMENT_TEAM = J243X8N8UC;
				INFOPLIST_FILE = PokedexUITests/Info.plist;
				LD_RUNPATH_SEARCH_PATHS = (
					"$(inherited)",
					"@executable_path/Frameworks",
					"@loader_path/Frameworks",
				);
				PRODUCT_BUNDLE_IDENTIFIER = qtcorp.PokedexUITests;
				PRODUCT_NAME = "$(TARGET_NAME)";
				SWIFT_VERSION = 5.0;
				TARGETED_DEVICE_FAMILY = "1,2";
				TEST_TARGET_NAME = Pokedex;
			};
			name = Release;
		};
/* End XCBuildConfiguration section */

/* Begin XCConfigurationList section */
		907D5F10252B12C500E30748 /* Build configuration list for PBXProject "Pokedex" */ = {
			isa = XCConfigurationList;
			buildConfigurations = (
				907D5F38252B12C800E30748 /* Debug */,
				907D5F39252B12C800E30748 /* Release */,
			);
			defaultConfigurationIsVisible = 0;
			defaultConfigurationName = Release;
		};
		907D5F3A252B12C800E30748 /* Build configuration list for PBXNativeTarget "Pokedex" */ = {
			isa = XCConfigurationList;
			buildConfigurations = (
				907D5F3B252B12C800E30748 /* Debug */,
				907D5F3C252B12C800E30748 /* Release */,
			);
			defaultConfigurationIsVisible = 0;
			defaultConfigurationName = Release;
		};
		907D5F3D252B12C800E30748 /* Build configuration list for PBXNativeTarget "PokedexTests" */ = {
			isa = XCConfigurationList;
			buildConfigurations = (
				907D5F3E252B12C800E30748 /* Debug */,
				907D5F3F252B12C800E30748 /* Release */,
			);
			defaultConfigurationIsVisible = 0;
			defaultConfigurationName = Release;
		};
		907D5F40252B12C800E30748 /* Build configuration list for PBXNativeTarget "PokedexUITests" */ = {
			isa = XCConfigurationList;
			buildConfigurations = (
				907D5F41252B12C800E30748 /* Debug */,
				907D5F42252B12C800E30748 /* Release */,
			);
			defaultConfigurationIsVisible = 0;
			defaultConfigurationName = Release;
		};
/* End XCConfigurationList section */

/* Begin XCVersionGroup section */
		8412B354253B5BAB00C0843B /* PokemonModel.xcdatamodeld */ = {
			isa = XCVersionGroup;
			children = (
				8412B355253B5BAB00C0843B /* PokemonModel.xcdatamodel */,
			);
			currentVersion = 8412B355253B5BAB00C0843B /* PokemonModel.xcdatamodel */;
			path = PokemonModel.xcdatamodeld;
			sourceTree = "<group>";
			versionGroupType = wrapper.xcdatamodel;
		};
/* End XCVersionGroup section */
	};
	rootObject = 907D5F0D252B12C500E30748 /* Project object */;
}
