// !$*UTF8*$!
{
	archiveVersion = 1;
	classes = {
	};
	objectVersion = 50;
	objects = {

/* Begin PBXBuildFile section */
		8407B83E252C5E2000341270 /* PokemonView.swift in Sources */ = {isa = PBXBuildFile; fileRef = 8407B83D252C5E2000341270 /* PokemonView.swift */; };
		8407B854252CB88300341270 /* DownloadedImageView.swift in Sources */ = {isa = PBXBuildFile; fileRef = 8407B853252CB88300341270 /* DownloadedImageView.swift */; };
		841E9673253618F000FAD664 /* PokedexView.swift in Sources */ = {isa = PBXBuildFile; fileRef = 841E9672253618F000FAD664 /* PokedexView.swift */; };
		841E96782536191700FAD664 /* FloatingMenu.swift in Sources */ = {isa = PBXBuildFile; fileRef = 841E96772536191700FAD664 /* FloatingMenu.swift */; };
		841E967D25361A0000FAD664 /* TypeUpdater.swift in Sources */ = {isa = PBXBuildFile; fileRef = 841E967C25361A0000FAD664 /* TypeUpdater.swift */; };
		841E96822536219500FAD664 /* TypePokemonListView.swift in Sources */ = {isa = PBXBuildFile; fileRef = 841E96812536219500FAD664 /* TypePokemonListView.swift */; };
		841E96882536365C00FAD664 /* TypeCardView.swift in Sources */ = {isa = PBXBuildFile; fileRef = 841E96872536365C00FAD664 /* TypeCardView.swift */; };
		841E968D2536393800FAD664 /* TypeListView.swift in Sources */ = {isa = PBXBuildFile; fileRef = 841E968C2536393800FAD664 /* TypeListView.swift */; };
		8422CFCC252E0E9D006F4535 /* NamedAPIResource.swift in Sources */ = {isa = PBXBuildFile; fileRef = 8422CFCB252E0E9D006F4535 /* NamedAPIResource.swift */; };
		8422CFD1252E0F00006F4535 /* AbilitiesResult.swift in Sources */ = {isa = PBXBuildFile; fileRef = 8422CFD0252E0F00006F4535 /* AbilitiesResult.swift */; };
		84707A982530CB0400DEA772 /* Evolution.swift in Sources */ = {isa = PBXBuildFile; fileRef = 84707A972530CB0400DEA772 /* Evolution.swift */; };
		847A12312531584F00146D24 /* Move.swift in Sources */ = {isa = PBXBuildFile; fileRef = 847A12302531584F00146D24 /* Move.swift */; };
		847A12362531586D00146D24 /* Ability.swift in Sources */ = {isa = PBXBuildFile; fileRef = 847A12352531586D00146D24 /* Ability.swift */; };
		847A123B2531588400146D24 /* Machine.swift in Sources */ = {isa = PBXBuildFile; fileRef = 847A123A2531588400146D24 /* Machine.swift */; };
		847A1240253158C300146D24 /* APIResource.swift in Sources */ = {isa = PBXBuildFile; fileRef = 847A123F253158C300146D24 /* APIResource.swift */; };
		847A1245253158D700146D24 /* Meta.swift in Sources */ = {isa = PBXBuildFile; fileRef = 847A1244253158D700146D24 /* Meta.swift */; };
		847A124A253158FA00146D24 /* Item.swift in Sources */ = {isa = PBXBuildFile; fileRef = 847A1249253158FA00146D24 /* Item.swift */; };
		847A124F25315C0600146D24 /* EvolutionUpdater.swift in Sources */ = {isa = PBXBuildFile; fileRef = 847A124E25315C0600146D24 /* EvolutionUpdater.swift */; };
		847A125425316BF300146D24 /* EvolutionView.swift in Sources */ = {isa = PBXBuildFile; fileRef = 847A125325316BF300146D24 /* EvolutionView.swift */; };
		847A125F2531EF0500146D24 /* Stat.swift in Sources */ = {isa = PBXBuildFile; fileRef = 847A125E2531EF0500146D24 /* Stat.swift */; };
		847A126B2533249000146D24 /* AnimatedLikeButton.swift in Sources */ = {isa = PBXBuildFile; fileRef = 847A126A2533249000146D24 /* AnimatedLikeButton.swift */; };
		847A12802533696200146D24 /* FlexibleGridView.swift in Sources */ = {isa = PBXBuildFile; fileRef = 847A127F2533696200146D24 /* FlexibleGridView.swift */; };
		847A128B25337ABC00146D24 /* VoiceHelper.swift in Sources */ = {isa = PBXBuildFile; fileRef = 847A128A25337ABB00146D24 /* VoiceHelper.swift */; };
		847A12902533871200146D24 /* PulsatingPlayButton.swift in Sources */ = {isa = PBXBuildFile; fileRef = 847A128F2533871200146D24 /* PulsatingPlayButton.swift */; };
		84D9AFE5252B763500E4C9D5 /* PokemonResult.swift in Sources */ = {isa = PBXBuildFile; fileRef = 84D9AFE4252B763500E4C9D5 /* PokemonResult.swift */; };
		84D9AFEA252B774800E4C9D5 /* Session.swift in Sources */ = {isa = PBXBuildFile; fileRef = 84D9AFE9252B774800E4C9D5 /* Session.swift */; };
		84D9AFEF252B776800E4C9D5 /* Constant.swift in Sources */ = {isa = PBXBuildFile; fileRef = 84D9AFEE252B776800E4C9D5 /* Constant.swift */; };
		84D9AFF5252B802F00E4C9D5 /* Color+Extension.swift in Sources */ = {isa = PBXBuildFile; fileRef = 84D9AFF4252B802F00E4C9D5 /* Color+Extension.swift */; };
		84D9AFFA252B849700E4C9D5 /* Type.swift in Sources */ = {isa = PBXBuildFile; fileRef = 84D9AFF9252B849700E4C9D5 /* Type.swift */; };
		84D9B002252B895500E4C9D5 /* PokemonUpdater.swift in Sources */ = {isa = PBXBuildFile; fileRef = 84D9B001252B895500E4C9D5 /* PokemonUpdater.swift */; };
		84F555F82533914000F09E84 /* LoadingView.swift in Sources */ = {isa = PBXBuildFile; fileRef = 84F555F72533914000F09E84 /* LoadingView.swift */; };
		84F55604253398B900F09E84 /* CompleteView.swift in Sources */ = {isa = PBXBuildFile; fileRef = 84F55603253398B900F09E84 /* CompleteView.swift */; };
		90400AA4253009F700659CD1 /* SpeciesUpdater.swift in Sources */ = {isa = PBXBuildFile; fileRef = 90400AA3253009F700659CD1 /* SpeciesUpdater.swift */; };
		90400AAC2530160000659CD1 /* UnitHelper.swift in Sources */ = {isa = PBXBuildFile; fileRef = 90400AAB2530160000659CD1 /* UnitHelper.swift */; };
		904168D3253070DA00362B47 /* StatUpdater.swift in Sources */ = {isa = PBXBuildFile; fileRef = 904168D2253070DA00362B47 /* StatUpdater.swift */; };
		90454D2A252E9E1F000F5B79 /* DetailPageView.swift in Sources */ = {isa = PBXBuildFile; fileRef = 90454D29252E9E1F000F5B79 /* DetailPageView.swift */; };
		907D5F19252B12C500E30748 /* PokedexApp.swift in Sources */ = {isa = PBXBuildFile; fileRef = 907D5F18252B12C500E30748 /* PokedexApp.swift */; };
		907D5F1B252B12C500E30748 /* ContentView.swift in Sources */ = {isa = PBXBuildFile; fileRef = 907D5F1A252B12C500E30748 /* ContentView.swift */; };
		907D5F1D252B12C700E30748 /* Assets.xcassets in Resources */ = {isa = PBXBuildFile; fileRef = 907D5F1C252B12C700E30748 /* Assets.xcassets */; };
		907D5F20252B12C700E30748 /* Preview Assets.xcassets in Resources */ = {isa = PBXBuildFile; fileRef = 907D5F1F252B12C700E30748 /* Preview Assets.xcassets */; };
		907D5F2B252B12C700E30748 /* PokedexTests.swift in Sources */ = {isa = PBXBuildFile; fileRef = 907D5F2A252B12C700E30748 /* PokedexTests.swift */; };
		907D5F36252B12C700E30748 /* PokedexUITests.swift in Sources */ = {isa = PBXBuildFile; fileRef = 907D5F35252B12C700E30748 /* PokedexUITests.swift */; };
		907D5F48252B12E200E30748 /* PokedexCardView.swift in Sources */ = {isa = PBXBuildFile; fileRef = 907D5F47252B12E200E30748 /* PokedexCardView.swift */; };
		907D5F52252B130100E30748 /* ImageLoader.swift in Sources */ = {isa = PBXBuildFile; fileRef = 907D5F51252B130100E30748 /* ImageLoader.swift */; };
		907D5F5A252B186E00E30748 /* Color.swift in Sources */ = {isa = PBXBuildFile; fileRef = 907D5F59252B186E00E30748 /* Color.swift */; };
		907D5F5F252B1A3D00E30748 /* Pokemon.swift in Sources */ = {isa = PBXBuildFile; fileRef = 907D5F5E252B1A3D00E30748 /* Pokemon.swift */; };
		907D5F65252B1AD700E30748 /* Updater.swift in Sources */ = {isa = PBXBuildFile; fileRef = 907D5F64252B1AD700E30748 /* Updater.swift */; };
		907D5F74252B272600E30748 /* PokemonListView.swift in Sources */ = {isa = PBXBuildFile; fileRef = 907D5F73252B272600E30748 /* PokemonListView.swift */; };
		90AD3BDD252BFD0E009EECEE /* String+Extension.swift in Sources */ = {isa = PBXBuildFile; fileRef = 90AD3BDC252BFD0E009EECEE /* String+Extension.swift */; };
		90AD3BE2252C1016009EECEE /* Collection+Extensions.swift in Sources */ = {isa = PBXBuildFile; fileRef = 90AD3BE1252C1016009EECEE /* Collection+Extensions.swift */; };
		90AD3BE7252C10F0009EECEE /* PokemonListCellView.swift in Sources */ = {isa = PBXBuildFile; fileRef = 90AD3BE6252C10F0009EECEE /* PokemonListCellView.swift */; };
		90AD3BEF252C2AB5009EECEE /* CacheImage.swift in Sources */ = {isa = PBXBuildFile; fileRef = 90AD3BEE252C2AB5009EECEE /* CacheImage.swift */; };
		90BC1EC7252FF6AC00A39177 /* Species.swift in Sources */ = {isa = PBXBuildFile; fileRef = 90BC1EC6252FF6AC00A39177 /* Species.swift */; };
		90BC1ECC2530081500A39177 /* StringHelper.swift in Sources */ = {isa = PBXBuildFile; fileRef = 90BC1ECB2530081500A39177 /* StringHelper.swift */; };
		90C1E48F252DC358009FD50D /* RotatingPokeballView.swift in Sources */ = {isa = PBXBuildFile; fileRef = 90C1E48E252DC358009FD50D /* RotatingPokeballView.swift */; };
		90C1E497252DC5E0009FD50D /* PagerView.swift in Sources */ = {isa = PBXBuildFile; fileRef = 90C1E496252DC5E0009FD50D /* PagerView.swift */; };
		90DF66CB252EC580000284A6 /* View+Extension.swift in Sources */ = {isa = PBXBuildFile; fileRef = 90DF66CA252EC580000284A6 /* View+Extension.swift */; };
		90DF66DF252EFF42000284A6 /* Devide+Extension.swift in Sources */ = {isa = PBXBuildFile; fileRef = 90DF66DE252EFF42000284A6 /* Devide+Extension.swift */; };
		90DF66EA252F0EA0000284A6 /* AboutView.swift in Sources */ = {isa = PBXBuildFile; fileRef = 90DF66E9252F0EA0000284A6 /* AboutView.swift */; };
		90F0BBE9252F185B00A37B3C /* StatsView.swift in Sources */ = {isa = PBXBuildFile; fileRef = 90F0BBE8252F185B00A37B3C /* StatsView.swift */; };
/* End PBXBuildFile section */

/* Begin PBXContainerItemProxy section */
		907D5F27252B12C700E30748 /* PBXContainerItemProxy */ = {
			isa = PBXContainerItemProxy;
			containerPortal = 907D5F0D252B12C500E30748 /* Project object */;
			proxyType = 1;
			remoteGlobalIDString = 907D5F14252B12C500E30748;
			remoteInfo = Pokedex;
		};
		907D5F32252B12C700E30748 /* PBXContainerItemProxy */ = {
			isa = PBXContainerItemProxy;
			containerPortal = 907D5F0D252B12C500E30748 /* Project object */;
			proxyType = 1;
			remoteGlobalIDString = 907D5F14252B12C500E30748;
			remoteInfo = Pokedex;
		};
/* End PBXContainerItemProxy section */

/* Begin PBXFileReference section */
		8407B83D252C5E2000341270 /* PokemonView.swift */ = {isa = PBXFileReference; lastKnownFileType = sourcecode.swift; path = PokemonView.swift; sourceTree = "<group>"; };
		8407B853252CB88300341270 /* DownloadedImageView.swift */ = {isa = PBXFileReference; lastKnownFileType = sourcecode.swift; path = DownloadedImageView.swift; sourceTree = "<group>"; };
		841E9672253618F000FAD664 /* PokedexView.swift */ = {isa = PBXFileReference; lastKnownFileType = sourcecode.swift; path = PokedexView.swift; sourceTree = "<group>"; };
		841E96772536191700FAD664 /* FloatingMenu.swift */ = {isa = PBXFileReference; lastKnownFileType = sourcecode.swift; path = FloatingMenu.swift; sourceTree = "<group>"; };
		841E967C25361A0000FAD664 /* TypeUpdater.swift */ = {isa = PBXFileReference; lastKnownFileType = sourcecode.swift; path = TypeUpdater.swift; sourceTree = "<group>"; };
		841E96812536219500FAD664 /* TypePokemonListView.swift */ = {isa = PBXFileReference; lastKnownFileType = sourcecode.swift; path = TypePokemonListView.swift; sourceTree = "<group>"; };
		841E96872536365C00FAD664 /* TypeCardView.swift */ = {isa = PBXFileReference; lastKnownFileType = sourcecode.swift; path = TypeCardView.swift; sourceTree = "<group>"; };
		841E968C2536393800FAD664 /* TypeListView.swift */ = {isa = PBXFileReference; lastKnownFileType = sourcecode.swift; path = TypeListView.swift; sourceTree = "<group>"; };
		8422CFCB252E0E9D006F4535 /* NamedAPIResource.swift */ = {isa = PBXFileReference; lastKnownFileType = sourcecode.swift; path = NamedAPIResource.swift; sourceTree = "<group>"; };
		8422CFD0252E0F00006F4535 /* AbilitiesResult.swift */ = {isa = PBXFileReference; lastKnownFileType = sourcecode.swift; path = AbilitiesResult.swift; sourceTree = "<group>"; };
		84707A972530CB0400DEA772 /* Evolution.swift */ = {isa = PBXFileReference; lastKnownFileType = sourcecode.swift; path = Evolution.swift; sourceTree = "<group>"; };
		847A12302531584F00146D24 /* Move.swift */ = {isa = PBXFileReference; lastKnownFileType = sourcecode.swift; path = Move.swift; sourceTree = "<group>"; };
		847A12352531586D00146D24 /* Ability.swift */ = {isa = PBXFileReference; lastKnownFileType = sourcecode.swift; path = Ability.swift; sourceTree = "<group>"; };
		847A123A2531588400146D24 /* Machine.swift */ = {isa = PBXFileReference; lastKnownFileType = sourcecode.swift; path = Machine.swift; sourceTree = "<group>"; };
		847A123F253158C300146D24 /* APIResource.swift */ = {isa = PBXFileReference; lastKnownFileType = sourcecode.swift; path = APIResource.swift; sourceTree = "<group>"; };
		847A1244253158D700146D24 /* Meta.swift */ = {isa = PBXFileReference; lastKnownFileType = sourcecode.swift; path = Meta.swift; sourceTree = "<group>"; };
		847A1249253158FA00146D24 /* Item.swift */ = {isa = PBXFileReference; lastKnownFileType = sourcecode.swift; path = Item.swift; sourceTree = "<group>"; };
		847A124E25315C0600146D24 /* EvolutionUpdater.swift */ = {isa = PBXFileReference; lastKnownFileType = sourcecode.swift; path = EvolutionUpdater.swift; sourceTree = "<group>"; };
		847A125325316BF300146D24 /* EvolutionView.swift */ = {isa = PBXFileReference; lastKnownFileType = sourcecode.swift; path = EvolutionView.swift; sourceTree = "<group>"; };
		847A125E2531EF0500146D24 /* Stat.swift */ = {isa = PBXFileReference; lastKnownFileType = sourcecode.swift; path = Stat.swift; sourceTree = "<group>"; };
		847A126A2533249000146D24 /* AnimatedLikeButton.swift */ = {isa = PBXFileReference; lastKnownFileType = sourcecode.swift; path = AnimatedLikeButton.swift; sourceTree = "<group>"; };
		847A127F2533696200146D24 /* FlexibleGridView.swift */ = {isa = PBXFileReference; lastKnownFileType = sourcecode.swift; path = FlexibleGridView.swift; sourceTree = "<group>"; };
		847A128A25337ABB00146D24 /* VoiceHelper.swift */ = {isa = PBXFileReference; lastKnownFileType = sourcecode.swift; path = VoiceHelper.swift; sourceTree = "<group>"; };
		847A128F2533871200146D24 /* PulsatingPlayButton.swift */ = {isa = PBXFileReference; lastKnownFileType = sourcecode.swift; path = PulsatingPlayButton.swift; sourceTree = "<group>"; };
		84D9AFE4252B763500E4C9D5 /* PokemonResult.swift */ = {isa = PBXFileReference; lastKnownFileType = sourcecode.swift; path = PokemonResult.swift; sourceTree = "<group>"; };
		84D9AFE9252B774800E4C9D5 /* Session.swift */ = {isa = PBXFileReference; lastKnownFileType = sourcecode.swift; path = Session.swift; sourceTree = "<group>"; };
		84D9AFEE252B776800E4C9D5 /* Constant.swift */ = {isa = PBXFileReference; lastKnownFileType = sourcecode.swift; path = Constant.swift; sourceTree = "<group>"; };
		84D9AFF4252B802F00E4C9D5 /* Color+Extension.swift */ = {isa = PBXFileReference; lastKnownFileType = sourcecode.swift; path = "Color+Extension.swift"; sourceTree = "<group>"; };
		84D9AFF9252B849700E4C9D5 /* Type.swift */ = {isa = PBXFileReference; lastKnownFileType = sourcecode.swift; path = Type.swift; sourceTree = "<group>"; };
		84D9B001252B895500E4C9D5 /* PokemonUpdater.swift */ = {isa = PBXFileReference; lastKnownFileType = sourcecode.swift; path = PokemonUpdater.swift; sourceTree = "<group>"; };
		84F555F72533914000F09E84 /* LoadingView.swift */ = {isa = PBXFileReference; lastKnownFileType = sourcecode.swift; path = LoadingView.swift; sourceTree = "<group>"; };
		84F55603253398B900F09E84 /* CompleteView.swift */ = {isa = PBXFileReference; lastKnownFileType = sourcecode.swift; path = CompleteView.swift; sourceTree = "<group>"; };
		90400AA3253009F700659CD1 /* SpeciesUpdater.swift */ = {isa = PBXFileReference; lastKnownFileType = sourcecode.swift; path = SpeciesUpdater.swift; sourceTree = "<group>"; };
		90400AAB2530160000659CD1 /* UnitHelper.swift */ = {isa = PBXFileReference; lastKnownFileType = sourcecode.swift; path = UnitHelper.swift; sourceTree = "<group>"; };
		904168D2253070DA00362B47 /* StatUpdater.swift */ = {isa = PBXFileReference; lastKnownFileType = sourcecode.swift; path = StatUpdater.swift; sourceTree = "<group>"; };
		90454D29252E9E1F000F5B79 /* DetailPageView.swift */ = {isa = PBXFileReference; lastKnownFileType = sourcecode.swift; path = DetailPageView.swift; sourceTree = "<group>"; };
		907D5F15252B12C500E30748 /* Pokedex.app */ = {isa = PBXFileReference; explicitFileType = wrapper.application; includeInIndex = 0; path = Pokedex.app; sourceTree = BUILT_PRODUCTS_DIR; };
		907D5F18252B12C500E30748 /* PokedexApp.swift */ = {isa = PBXFileReference; lastKnownFileType = sourcecode.swift; path = PokedexApp.swift; sourceTree = "<group>"; };
		907D5F1A252B12C500E30748 /* ContentView.swift */ = {isa = PBXFileReference; lastKnownFileType = sourcecode.swift; path = ContentView.swift; sourceTree = "<group>"; };
		907D5F1C252B12C700E30748 /* Assets.xcassets */ = {isa = PBXFileReference; lastKnownFileType = folder.assetcatalog; path = Assets.xcassets; sourceTree = "<group>"; };
		907D5F1F252B12C700E30748 /* Preview Assets.xcassets */ = {isa = PBXFileReference; lastKnownFileType = folder.assetcatalog; path = "Preview Assets.xcassets"; sourceTree = "<group>"; };
		907D5F21252B12C700E30748 /* Info.plist */ = {isa = PBXFileReference; lastKnownFileType = text.plist.xml; path = Info.plist; sourceTree = "<group>"; };
		907D5F26252B12C700E30748 /* PokedexTests.xctest */ = {isa = PBXFileReference; explicitFileType = wrapper.cfbundle; includeInIndex = 0; path = PokedexTests.xctest; sourceTree = BUILT_PRODUCTS_DIR; };
		907D5F2A252B12C700E30748 /* PokedexTests.swift */ = {isa = PBXFileReference; lastKnownFileType = sourcecode.swift; path = PokedexTests.swift; sourceTree = "<group>"; };
		907D5F2C252B12C700E30748 /* Info.plist */ = {isa = PBXFileReference; lastKnownFileType = text.plist.xml; path = Info.plist; sourceTree = "<group>"; };
		907D5F31252B12C700E30748 /* PokedexUITests.xctest */ = {isa = PBXFileReference; explicitFileType = wrapper.cfbundle; includeInIndex = 0; path = PokedexUITests.xctest; sourceTree = BUILT_PRODUCTS_DIR; };
		907D5F35252B12C700E30748 /* PokedexUITests.swift */ = {isa = PBXFileReference; lastKnownFileType = sourcecode.swift; path = PokedexUITests.swift; sourceTree = "<group>"; };
		907D5F37252B12C700E30748 /* Info.plist */ = {isa = PBXFileReference; lastKnownFileType = text.plist.xml; path = Info.plist; sourceTree = "<group>"; };
		907D5F47252B12E200E30748 /* PokedexCardView.swift */ = {isa = PBXFileReference; lastKnownFileType = sourcecode.swift; path = PokedexCardView.swift; sourceTree = "<group>"; };
		907D5F51252B130100E30748 /* ImageLoader.swift */ = {isa = PBXFileReference; lastKnownFileType = sourcecode.swift; path = ImageLoader.swift; sourceTree = "<group>"; };
		907D5F59252B186E00E30748 /* Color.swift */ = {isa = PBXFileReference; lastKnownFileType = sourcecode.swift; path = Color.swift; sourceTree = "<group>"; };
		907D5F5E252B1A3D00E30748 /* Pokemon.swift */ = {isa = PBXFileReference; lastKnownFileType = sourcecode.swift; path = Pokemon.swift; sourceTree = "<group>"; };
		907D5F64252B1AD700E30748 /* Updater.swift */ = {isa = PBXFileReference; lastKnownFileType = sourcecode.swift; path = Updater.swift; sourceTree = "<group>"; };
		907D5F73252B272600E30748 /* PokemonListView.swift */ = {isa = PBXFileReference; lastKnownFileType = sourcecode.swift; path = PokemonListView.swift; sourceTree = "<group>"; };
		90AD3BDC252BFD0E009EECEE /* String+Extension.swift */ = {isa = PBXFileReference; lastKnownFileType = sourcecode.swift; path = "String+Extension.swift"; sourceTree = "<group>"; };
		90AD3BE1252C1016009EECEE /* Collection+Extensions.swift */ = {isa = PBXFileReference; fileEncoding = 4; lastKnownFileType = sourcecode.swift; path = "Collection+Extensions.swift"; sourceTree = "<group>"; };
		90AD3BE6252C10F0009EECEE /* PokemonListCellView.swift */ = {isa = PBXFileReference; lastKnownFileType = sourcecode.swift; path = PokemonListCellView.swift; sourceTree = "<group>"; };
		90AD3BEE252C2AB5009EECEE /* CacheImage.swift */ = {isa = PBXFileReference; lastKnownFileType = sourcecode.swift; path = CacheImage.swift; sourceTree = "<group>"; };
		90BC1EC6252FF6AC00A39177 /* Species.swift */ = {isa = PBXFileReference; lastKnownFileType = sourcecode.swift; path = Species.swift; sourceTree = "<group>"; };
		90BC1ECB2530081500A39177 /* StringHelper.swift */ = {isa = PBXFileReference; lastKnownFileType = sourcecode.swift; path = StringHelper.swift; sourceTree = "<group>"; };
		90C1E48E252DC358009FD50D /* RotatingPokeballView.swift */ = {isa = PBXFileReference; lastKnownFileType = sourcecode.swift; path = RotatingPokeballView.swift; sourceTree = "<group>"; };
		90C1E496252DC5E0009FD50D /* PagerView.swift */ = {isa = PBXFileReference; lastKnownFileType = sourcecode.swift; path = PagerView.swift; sourceTree = "<group>"; };
		90DF66CA252EC580000284A6 /* View+Extension.swift */ = {isa = PBXFileReference; fileEncoding = 4; lastKnownFileType = sourcecode.swift; path = "View+Extension.swift"; sourceTree = "<group>"; };
		90DF66DE252EFF42000284A6 /* Devide+Extension.swift */ = {isa = PBXFileReference; lastKnownFileType = sourcecode.swift; path = "Devide+Extension.swift"; sourceTree = "<group>"; };
		90DF66E9252F0EA0000284A6 /* AboutView.swift */ = {isa = PBXFileReference; lastKnownFileType = sourcecode.swift; path = AboutView.swift; sourceTree = "<group>"; };
		90F0BBE8252F185B00A37B3C /* StatsView.swift */ = {isa = PBXFileReference; lastKnownFileType = sourcecode.swift; path = StatsView.swift; sourceTree = "<group>"; };
/* End PBXFileReference section */

/* Begin PBXFrameworksBuildPhase section */
		907D5F12252B12C500E30748 /* Frameworks */ = {
			isa = PBXFrameworksBuildPhase;
			buildActionMask = 2147483647;
			files = (
			);
			runOnlyForDeploymentPostprocessing = 0;
		};
		907D5F23252B12C700E30748 /* Frameworks */ = {
			isa = PBXFrameworksBuildPhase;
			buildActionMask = 2147483647;
			files = (
			);
			runOnlyForDeploymentPostprocessing = 0;
		};
		907D5F2E252B12C700E30748 /* Frameworks */ = {
			isa = PBXFrameworksBuildPhase;
			buildActionMask = 2147483647;
			files = (
			);
			runOnlyForDeploymentPostprocessing = 0;
		};
/* End PBXFrameworksBuildPhase section */

/* Begin PBXGroup section */
		841E96862536363F00FAD664 /* TypeListView */ = {
			isa = PBXGroup;
			children = (
				841E96812536219500FAD664 /* TypePokemonListView.swift */,
				841E96872536365C00FAD664 /* TypeCardView.swift */,
				841E968C2536393800FAD664 /* TypeListView.swift */,
			);
			path = TypeListView;
			sourceTree = "<group>";
		};
		847A12972533874900146D24 /* Helper */ = {
			isa = PBXGroup;
			children = (
				90BC1ECB2530081500A39177 /* StringHelper.swift */,
				90400AAB2530160000659CD1 /* UnitHelper.swift */,
				847A128A25337ABB00146D24 /* VoiceHelper.swift */,
			);
			path = Helper;
			sourceTree = "<group>";
		};
		847A12982533876700146D24 /* Common */ = {
			isa = PBXGroup;
			children = (
				907D5F51252B130100E30748 /* ImageLoader.swift */,
				90AD3BEE252C2AB5009EECEE /* CacheImage.swift */,
			);
			path = Common;
			sourceTree = "<group>";
		};
		84B40AA725348ABE00E31921 /* PageView */ = {
			isa = PBXGroup;
			children = (
				90454D29252E9E1F000F5B79 /* DetailPageView.swift */,
				90C1E496252DC5E0009FD50D /* PagerView.swift */,
			);
			path = PageView;
			sourceTree = "<group>";
		};
		84B40AA825348AC700E31921 /* ContainerView */ = {
			isa = PBXGroup;
			children = (
				8407B83D252C5E2000341270 /* PokemonView.swift */,
			);
			path = ContainerView;
			sourceTree = "<group>";
		};
		84BD488E25367D5800D3D634 /* PokedexView */ = {
			isa = PBXGroup;
			children = (
				841E9672253618F000FAD664 /* PokedexView.swift */,
			);
			path = PokedexView;
			sourceTree = "<group>";
		};
		84D9AFE3252B761C00E4C9D5 /* Network */ = {
			isa = PBXGroup;
			children = (
				84D9AFE9252B774800E4C9D5 /* Session.swift */,
			);
			path = Network;
			sourceTree = "<group>";
		};
		84D9AFF3252B801E00E4C9D5 /* Extension */ = {
			isa = PBXGroup;
			children = (
				90DF66CA252EC580000284A6 /* View+Extension.swift */,
				90AD3BE1252C1016009EECEE /* Collection+Extensions.swift */,
				84D9AFF4252B802F00E4C9D5 /* Color+Extension.swift */,
				90AD3BDC252BFD0E009EECEE /* String+Extension.swift */,
				90DF66DE252EFF42000284A6 /* Devide+Extension.swift */,
			);
			path = Extension;
			sourceTree = "<group>";
		};
		90454D1B252E9DA0000F5B79 /* PokedexListView */ = {
			isa = PBXGroup;
			children = (
				907D5F47252B12E200E30748 /* PokedexCardView.swift */,
				907D5F73252B272600E30748 /* PokemonListView.swift */,
				90AD3BE6252C10F0009EECEE /* PokemonListCellView.swift */,
			);
			path = PokedexListView;
			sourceTree = "<group>";
		};
		90454D1C252E9DB1000F5B79 /* PokemonView */ = {
			isa = PBXGroup;
			children = (
				84B40AA825348AC700E31921 /* ContainerView */,
				84B40AA725348ABE00E31921 /* PageView */,
				90DF66EE252F0EBE000284A6 /* Detail */,
			);
			path = PokemonView;
			sourceTree = "<group>";
		};
		907D5F0C252B12C500E30748 = {
			isa = PBXGroup;
			children = (
				907D5F17252B12C500E30748 /* Pokedex */,
				907D5F29252B12C700E30748 /* PokedexTests */,
				907D5F34252B12C700E30748 /* PokedexUITests */,
				907D5F16252B12C500E30748 /* Products */,
			);
			sourceTree = "<group>";
		};
		907D5F16252B12C500E30748 /* Products */ = {
			isa = PBXGroup;
			children = (
				907D5F15252B12C500E30748 /* Pokedex.app */,
				907D5F26252B12C700E30748 /* PokedexTests.xctest */,
				907D5F31252B12C700E30748 /* PokedexUITests.xctest */,
			);
			name = Products;
			sourceTree = "<group>";
		};
		907D5F17252B12C500E30748 /* Pokedex */ = {
			isa = PBXGroup;
			children = (
				84D9AFE3252B761C00E4C9D5 /* Network */,
				907D5F6C252B23CF00E30748 /* Model */,
				907D5F63252B1ACC00E30748 /* ViewModel */,
				907D5F4F252B12ED00E30748 /* Utilites */,
				907D5F46252B12D000E30748 /* View */,
				907D5F18252B12C500E30748 /* PokedexApp.swift */,
				907D5F1A252B12C500E30748 /* ContentView.swift */,
				907D5F1C252B12C700E30748 /* Assets.xcassets */,
				907D5F21252B12C700E30748 /* Info.plist */,
				907D5F1E252B12C700E30748 /* Preview Content */,
			);
			path = Pokedex;
			sourceTree = "<group>";
		};
		907D5F1E252B12C700E30748 /* Preview Content */ = {
			isa = PBXGroup;
			children = (
				907D5F1F252B12C700E30748 /* Preview Assets.xcassets */,
			);
			path = "Preview Content";
			sourceTree = "<group>";
		};
		907D5F29252B12C700E30748 /* PokedexTests */ = {
			isa = PBXGroup;
			children = (
				907D5F2A252B12C700E30748 /* PokedexTests.swift */,
				907D5F2C252B12C700E30748 /* Info.plist */,
			);
			path = PokedexTests;
			sourceTree = "<group>";
		};
		907D5F34252B12C700E30748 /* PokedexUITests */ = {
			isa = PBXGroup;
			children = (
				907D5F35252B12C700E30748 /* PokedexUITests.swift */,
				907D5F37252B12C700E30748 /* Info.plist */,
			);
			path = PokedexUITests;
			sourceTree = "<group>";
		};
		907D5F46252B12D000E30748 /* View */ = {
			isa = PBXGroup;
			children = (
				84BD488E25367D5800D3D634 /* PokedexView */,
				841E96862536363F00FAD664 /* TypeListView */,
				90454D1C252E9DB1000F5B79 /* PokemonView */,
				90454D1B252E9DA0000F5B79 /* PokedexListView */,
				90C1E48D252DC32D009FD50D /* Common */,
			);
			path = View;
			sourceTree = "<group>";
		};
		907D5F4F252B12ED00E30748 /* Utilites */ = {
			isa = PBXGroup;
			children = (
				847A12982533876700146D24 /* Common */,
				847A12972533874900146D24 /* Helper */,
				84D9AFF3252B801E00E4C9D5 /* Extension */,
				907D5F59252B186E00E30748 /* Color.swift */,
				84D9AFEE252B776800E4C9D5 /* Constant.swift */,
			);
			path = Utilites;
			sourceTree = "<group>";
		};
		907D5F63252B1ACC00E30748 /* ViewModel */ = {
			isa = PBXGroup;
			children = (
				907D5F64252B1AD700E30748 /* Updater.swift */,
				84D9B001252B895500E4C9D5 /* PokemonUpdater.swift */,
				90400AA3253009F700659CD1 /* SpeciesUpdater.swift */,
				904168D2253070DA00362B47 /* StatUpdater.swift */,
				847A124E25315C0600146D24 /* EvolutionUpdater.swift */,
				841E967C25361A0000FAD664 /* TypeUpdater.swift */,
			);
			path = ViewModel;
			sourceTree = "<group>";
		};
		907D5F6C252B23CF00E30748 /* Model */ = {
			isa = PBXGroup;
			children = (
				907D5F5E252B1A3D00E30748 /* Pokemon.swift */,
				847A1249253158FA00146D24 /* Item.swift */,
				84D9AFE4252B763500E4C9D5 /* PokemonResult.swift */,
				84D9AFF9252B849700E4C9D5 /* Type.swift */,
				8422CFCB252E0E9D006F4535 /* NamedAPIResource.swift */,
				8422CFD0252E0F00006F4535 /* AbilitiesResult.swift */,
				90BC1EC6252FF6AC00A39177 /* Species.swift */,
				84707A972530CB0400DEA772 /* Evolution.swift */,
				847A12302531584F00146D24 /* Move.swift */,
				847A12352531586D00146D24 /* Ability.swift */,
				847A123A2531588400146D24 /* Machine.swift */,
				847A123F253158C300146D24 /* APIResource.swift */,
				847A1244253158D700146D24 /* Meta.swift */,
				847A125E2531EF0500146D24 /* Stat.swift */,
			);
			path = Model;
			sourceTree = "<group>";
		};
		90C1E48D252DC32D009FD50D /* Common */ = {
			isa = PBXGroup;
			children = (
				8407B853252CB88300341270 /* DownloadedImageView.swift */,
				90C1E48E252DC358009FD50D /* RotatingPokeballView.swift */,
				847A126A2533249000146D24 /* AnimatedLikeButton.swift */,
				847A127F2533696200146D24 /* FlexibleGridView.swift */,
				847A128F2533871200146D24 /* PulsatingPlayButton.swift */,
				84F555F72533914000F09E84 /* LoadingView.swift */,
				84F55603253398B900F09E84 /* CompleteView.swift */,
				841E96772536191700FAD664 /* FloatingMenu.swift */,
			);
			path = Common;
			sourceTree = "<group>";
		};
		90DF66EE252F0EBE000284A6 /* Detail */ = {
			isa = PBXGroup;
			children = (
				90DF66E9252F0EA0000284A6 /* AboutView.swift */,
				90F0BBE8252F185B00A37B3C /* StatsView.swift */,
				847A125325316BF300146D24 /* EvolutionView.swift */,
			);
			path = Detail;
			sourceTree = "<group>";
		};
/* End PBXGroup section */

/* Begin PBXNativeTarget section */
		907D5F14252B12C500E30748 /* Pokedex */ = {
			isa = PBXNativeTarget;
			buildConfigurationList = 907D5F3A252B12C800E30748 /* Build configuration list for PBXNativeTarget "Pokedex" */;
			buildPhases = (
				907D5F11252B12C500E30748 /* Sources */,
				907D5F12252B12C500E30748 /* Frameworks */,
				907D5F13252B12C500E30748 /* Resources */,
			);
			buildRules = (
			);
			dependencies = (
			);
			name = Pokedex;
			productName = Pokedex;
			productReference = 907D5F15252B12C500E30748 /* Pokedex.app */;
			productType = "com.apple.product-type.application";
		};
		907D5F25252B12C700E30748 /* PokedexTests */ = {
			isa = PBXNativeTarget;
			buildConfigurationList = 907D5F3D252B12C800E30748 /* Build configuration list for PBXNativeTarget "PokedexTests" */;
			buildPhases = (
				907D5F22252B12C700E30748 /* Sources */,
				907D5F23252B12C700E30748 /* Frameworks */,
				907D5F24252B12C700E30748 /* Resources */,
			);
			buildRules = (
			);
			dependencies = (
				907D5F28252B12C700E30748 /* PBXTargetDependency */,
			);
			name = PokedexTests;
			productName = PokedexTests;
			productReference = 907D5F26252B12C700E30748 /* PokedexTests.xctest */;
			productType = "com.apple.product-type.bundle.unit-test";
		};
		907D5F30252B12C700E30748 /* PokedexUITests */ = {
			isa = PBXNativeTarget;
			buildConfigurationList = 907D5F40252B12C800E30748 /* Build configuration list for PBXNativeTarget "PokedexUITests" */;
			buildPhases = (
				907D5F2D252B12C700E30748 /* Sources */,
				907D5F2E252B12C700E30748 /* Frameworks */,
				907D5F2F252B12C700E30748 /* Resources */,
			);
			buildRules = (
			);
			dependencies = (
				907D5F33252B12C700E30748 /* PBXTargetDependency */,
			);
			name = PokedexUITests;
			productName = PokedexUITests;
			productReference = 907D5F31252B12C700E30748 /* PokedexUITests.xctest */;
			productType = "com.apple.product-type.bundle.ui-testing";
		};
/* End PBXNativeTarget section */

/* Begin PBXProject section */
		907D5F0D252B12C500E30748 /* Project object */ = {
			isa = PBXProject;
			attributes = {
				LastSwiftUpdateCheck = 1200;
				LastUpgradeCheck = 1200;
				TargetAttributes = {
					907D5F14252B12C500E30748 = {
						CreatedOnToolsVersion = 12.0.1;
					};
					907D5F25252B12C700E30748 = {
						CreatedOnToolsVersion = 12.0.1;
						TestTargetID = 907D5F14252B12C500E30748;
					};
					907D5F30252B12C700E30748 = {
						CreatedOnToolsVersion = 12.0.1;
						TestTargetID = 907D5F14252B12C500E30748;
					};
				};
			};
			buildConfigurationList = 907D5F10252B12C500E30748 /* Build configuration list for PBXProject "Pokedex" */;
			compatibilityVersion = "Xcode 9.3";
			developmentRegion = en;
			hasScannedForEncodings = 0;
			knownRegions = (
				en,
				Base,
			);
			mainGroup = 907D5F0C252B12C500E30748;
			productRefGroup = 907D5F16252B12C500E30748 /* Products */;
			projectDirPath = "";
			projectRoot = "";
			targets = (
				907D5F14252B12C500E30748 /* Pokedex */,
				907D5F25252B12C700E30748 /* PokedexTests */,
				907D5F30252B12C700E30748 /* PokedexUITests */,
			);
		};
/* End PBXProject section */

/* Begin PBXResourcesBuildPhase section */
		907D5F13252B12C500E30748 /* Resources */ = {
			isa = PBXResourcesBuildPhase;
			buildActionMask = 2147483647;
			files = (
				907D5F20252B12C700E30748 /* Preview Assets.xcassets in Resources */,
				907D5F1D252B12C700E30748 /* Assets.xcassets in Resources */,
			);
			runOnlyForDeploymentPostprocessing = 0;
		};
		907D5F24252B12C700E30748 /* Resources */ = {
			isa = PBXResourcesBuildPhase;
			buildActionMask = 2147483647;
			files = (
			);
			runOnlyForDeploymentPostprocessing = 0;
		};
		907D5F2F252B12C700E30748 /* Resources */ = {
			isa = PBXResourcesBuildPhase;
			buildActionMask = 2147483647;
			files = (
			);
			runOnlyForDeploymentPostprocessing = 0;
		};
/* End PBXResourcesBuildPhase section */

/* Begin PBXSourcesBuildPhase section */
		907D5F11252B12C500E30748 /* Sources */ = {
			isa = PBXSourcesBuildPhase;
			buildActionMask = 2147483647;
			files = (
				847A1245253158D700146D24 /* Meta.swift in Sources */,
				847A12362531586D00146D24 /* Ability.swift in Sources */,
				84F55604253398B900F09E84 /* CompleteView.swift in Sources */,
				847A12902533871200146D24 /* PulsatingPlayButton.swift in Sources */,
				8422CFD1252E0F00006F4535 /* AbilitiesResult.swift in Sources */,
				84D9AFEA252B774800E4C9D5 /* Session.swift in Sources */,
				847A124F25315C0600146D24 /* EvolutionUpdater.swift in Sources */,
				847A126B2533249000146D24 /* AnimatedLikeButton.swift in Sources */,
				847A124A253158FA00146D24 /* Item.swift in Sources */,
				907D5F74252B272600E30748 /* PokemonListView.swift in Sources */,
				847A128B25337ABC00146D24 /* VoiceHelper.swift in Sources */,
				84707A982530CB0400DEA772 /* Evolution.swift in Sources */,
				90400AAC2530160000659CD1 /* UnitHelper.swift in Sources */,
				90454D2A252E9E1F000F5B79 /* DetailPageView.swift in Sources */,
				90BC1ECC2530081500A39177 /* StringHelper.swift in Sources */,
				847A123B2531588400146D24 /* Machine.swift in Sources */,
				90DF66EA252F0EA0000284A6 /* AboutView.swift in Sources */,
				84D9AFE5252B763500E4C9D5 /* PokemonResult.swift in Sources */,
				907D5F48252B12E200E30748 /* PokedexCardView.swift in Sources */,
				90400AA4253009F700659CD1 /* SpeciesUpdater.swift in Sources */,
				84D9AFFA252B849700E4C9D5 /* Type.swift in Sources */,
				907D5F1B252B12C500E30748 /* ContentView.swift in Sources */,
				847A125F2531EF0500146D24 /* Stat.swift in Sources */,
				847A125425316BF300146D24 /* EvolutionView.swift in Sources */,
				907D5F52252B130100E30748 /* ImageLoader.swift in Sources */,
				907D5F65252B1AD700E30748 /* Updater.swift in Sources */,
				84D9AFF5252B802F00E4C9D5 /* Color+Extension.swift in Sources */,
				841E96882536365C00FAD664 /* TypeCardView.swift in Sources */,
				8407B83E252C5E2000341270 /* PokemonView.swift in Sources */,
				90BC1EC7252FF6AC00A39177 /* Species.swift in Sources */,
				907D5F5A252B186E00E30748 /* Color.swift in Sources */,
				8422CFCC252E0E9D006F4535 /* NamedAPIResource.swift in Sources */,
				84D9AFEF252B776800E4C9D5 /* Constant.swift in Sources */,
				84D9B002252B895500E4C9D5 /* PokemonUpdater.swift in Sources */,
				841E9673253618F000FAD664 /* PokedexView.swift in Sources */,
				8407B854252CB88300341270 /* DownloadedImageView.swift in Sources */,
				90C1E48F252DC358009FD50D /* RotatingPokeballView.swift in Sources */,
				90DF66DF252EFF42000284A6 /* Devide+Extension.swift in Sources */,
				90AD3BEF252C2AB5009EECEE /* CacheImage.swift in Sources */,
				907D5F19252B12C500E30748 /* PokedexApp.swift in Sources */,
				90AD3BE2252C1016009EECEE /* Collection+Extensions.swift in Sources */,
				847A12802533696200146D24 /* FlexibleGridView.swift in Sources */,
				90AD3BDD252BFD0E009EECEE /* String+Extension.swift in Sources */,
				907D5F5F252B1A3D00E30748 /* Pokemon.swift in Sources */,
				841E967D25361A0000FAD664 /* TypeUpdater.swift in Sources */,
				90F0BBE9252F185B00A37B3C /* StatsView.swift in Sources */,
				84F555F82533914000F09E84 /* LoadingView.swift in Sources */,
				90AD3BE7252C10F0009EECEE /* PokemonListCellView.swift in Sources */,
				841E96782536191700FAD664 /* FloatingMenu.swift in Sources */,
				90DF66CB252EC580000284A6 /* View+Extension.swift in Sources */,
				847A12312531584F00146D24 /* Move.swift in Sources */,
				841E96822536219500FAD664 /* TypePokemonListView.swift in Sources */,
				904168D3253070DA00362B47 /* StatUpdater.swift in Sources */,
				847A1240253158C300146D24 /* APIResource.swift in Sources */,
				841E968D2536393800FAD664 /* TypeListView.swift in Sources */,
				90C1E497252DC5E0009FD50D /* PagerView.swift in Sources */,
			);
			runOnlyForDeploymentPostprocessing = 0;
		};
		907D5F22252B12C700E30748 /* Sources */ = {
			isa = PBXSourcesBuildPhase;
			buildActionMask = 2147483647;
			files = (
				907D5F2B252B12C700E30748 /* PokedexTests.swift in Sources */,
			);
			runOnlyForDeploymentPostprocessing = 0;
		};
		907D5F2D252B12C700E30748 /* Sources */ = {
			isa = PBXSourcesBuildPhase;
			buildActionMask = 2147483647;
			files = (
				907D5F36252B12C700E30748 /* PokedexUITests.swift in Sources */,
			);
			runOnlyForDeploymentPostprocessing = 0;
		};
/* End PBXSourcesBuildPhase section */

/* Begin PBXTargetDependency section */
		907D5F28252B12C700E30748 /* PBXTargetDependency */ = {
			isa = PBXTargetDependency;
			target = 907D5F14252B12C500E30748 /* Pokedex */;
			targetProxy = 907D5F27252B12C700E30748 /* PBXContainerItemProxy */;
		};
		907D5F33252B12C700E30748 /* PBXTargetDependency */ = {
			isa = PBXTargetDependency;
			target = 907D5F14252B12C500E30748 /* Pokedex */;
			targetProxy = 907D5F32252B12C700E30748 /* PBXContainerItemProxy */;
		};
/* End PBXTargetDependency section */

/* Begin XCBuildConfiguration section */
		907D5F38252B12C800E30748 /* Debug */ = {
			isa = XCBuildConfiguration;
			buildSettings = {
				ALWAYS_SEARCH_USER_PATHS = NO;
				CLANG_ANALYZER_NONNULL = YES;
				CLANG_ANALYZER_NUMBER_OBJECT_CONVERSION = YES_AGGRESSIVE;
				CLANG_CXX_LANGUAGE_STANDARD = "gnu++14";
				CLANG_CXX_LIBRARY = "libc++";
				CLANG_ENABLE_MODULES = YES;
				CLANG_ENABLE_OBJC_ARC = YES;
				CLANG_ENABLE_OBJC_WEAK = YES;
				CLANG_WARN_BLOCK_CAPTURE_AUTORELEASING = YES;
				CLANG_WARN_BOOL_CONVERSION = YES;
				CLANG_WARN_COMMA = YES;
				CLANG_WARN_CONSTANT_CONVERSION = YES;
				CLANG_WARN_DEPRECATED_OBJC_IMPLEMENTATIONS = YES;
				CLANG_WARN_DIRECT_OBJC_ISA_USAGE = YES_ERROR;
				CLANG_WARN_DOCUMENTATION_COMMENTS = YES;
				CLANG_WARN_EMPTY_BODY = YES;
				CLANG_WARN_ENUM_CONVERSION = YES;
				CLANG_WARN_INFINITE_RECURSION = YES;
				CLANG_WARN_INT_CONVERSION = YES;
				CLANG_WARN_NON_LITERAL_NULL_CONVERSION = YES;
				CLANG_WARN_OBJC_IMPLICIT_RETAIN_SELF = YES;
				CLANG_WARN_OBJC_LITERAL_CONVERSION = YES;
				CLANG_WARN_OBJC_ROOT_CLASS = YES_ERROR;
				CLANG_WARN_QUOTED_INCLUDE_IN_FRAMEWORK_HEADER = YES;
				CLANG_WARN_RANGE_LOOP_ANALYSIS = YES;
				CLANG_WARN_STRICT_PROTOTYPES = YES;
				CLANG_WARN_SUSPICIOUS_MOVE = YES;
				CLANG_WARN_UNGUARDED_AVAILABILITY = YES_AGGRESSIVE;
				CLANG_WARN_UNREACHABLE_CODE = YES;
				CLANG_WARN__DUPLICATE_METHOD_MATCH = YES;
				COPY_PHASE_STRIP = NO;
				DEBUG_INFORMATION_FORMAT = dwarf;
				ENABLE_STRICT_OBJC_MSGSEND = YES;
				ENABLE_TESTABILITY = YES;
				GCC_C_LANGUAGE_STANDARD = gnu11;
				GCC_DYNAMIC_NO_PIC = NO;
				GCC_NO_COMMON_BLOCKS = YES;
				GCC_OPTIMIZATION_LEVEL = 0;
				GCC_PREPROCESSOR_DEFINITIONS = (
					"DEBUG=1",
					"$(inherited)",
				);
				GCC_WARN_64_TO_32_BIT_CONVERSION = YES;
				GCC_WARN_ABOUT_RETURN_TYPE = YES_ERROR;
				GCC_WARN_UNDECLARED_SELECTOR = YES;
				GCC_WARN_UNINITIALIZED_AUTOS = YES_AGGRESSIVE;
				GCC_WARN_UNUSED_FUNCTION = YES;
				GCC_WARN_UNUSED_VARIABLE = YES;
				IPHONEOS_DEPLOYMENT_TARGET = 14.0;
				MTL_ENABLE_DEBUG_INFO = INCLUDE_SOURCE;
				MTL_FAST_MATH = YES;
				ONLY_ACTIVE_ARCH = YES;
				SDKROOT = iphoneos;
				SWIFT_ACTIVE_COMPILATION_CONDITIONS = DEBUG;
				SWIFT_OPTIMIZATION_LEVEL = "-Onone";
			};
			name = Debug;
		};
		907D5F39252B12C800E30748 /* Release */ = {
			isa = XCBuildConfiguration;
			buildSettings = {
				ALWAYS_SEARCH_USER_PATHS = NO;
				CLANG_ANALYZER_NONNULL = YES;
				CLANG_ANALYZER_NUMBER_OBJECT_CONVERSION = YES_AGGRESSIVE;
				CLANG_CXX_LANGUAGE_STANDARD = "gnu++14";
				CLANG_CXX_LIBRARY = "libc++";
				CLANG_ENABLE_MODULES = YES;
				CLANG_ENABLE_OBJC_ARC = YES;
				CLANG_ENABLE_OBJC_WEAK = YES;
				CLANG_WARN_BLOCK_CAPTURE_AUTORELEASING = YES;
				CLANG_WARN_BOOL_CONVERSION = YES;
				CLANG_WARN_COMMA = YES;
				CLANG_WARN_CONSTANT_CONVERSION = YES;
				CLANG_WARN_DEPRECATED_OBJC_IMPLEMENTATIONS = YES;
				CLANG_WARN_DIRECT_OBJC_ISA_USAGE = YES_ERROR;
				CLANG_WARN_DOCUMENTATION_COMMENTS = YES;
				CLANG_WARN_EMPTY_BODY = YES;
				CLANG_WARN_ENUM_CONVERSION = YES;
				CLANG_WARN_INFINITE_RECURSION = YES;
				CLANG_WARN_INT_CONVERSION = YES;
				CLANG_WARN_NON_LITERAL_NULL_CONVERSION = YES;
				CLANG_WARN_OBJC_IMPLICIT_RETAIN_SELF = YES;
				CLANG_WARN_OBJC_LITERAL_CONVERSION = YES;
				CLANG_WARN_OBJC_ROOT_CLASS = YES_ERROR;
				CLANG_WARN_QUOTED_INCLUDE_IN_FRAMEWORK_HEADER = YES;
				CLANG_WARN_RANGE_LOOP_ANALYSIS = YES;
				CLANG_WARN_STRICT_PROTOTYPES = YES;
				CLANG_WARN_SUSPICIOUS_MOVE = YES;
				CLANG_WARN_UNGUARDED_AVAILABILITY = YES_AGGRESSIVE;
				CLANG_WARN_UNREACHABLE_CODE = YES;
				CLANG_WARN__DUPLICATE_METHOD_MATCH = YES;
				COPY_PHASE_STRIP = NO;
				DEBUG_INFORMATION_FORMAT = "dwarf-with-dsym";
				ENABLE_NS_ASSERTIONS = NO;
				ENABLE_STRICT_OBJC_MSGSEND = YES;
				GCC_C_LANGUAGE_STANDARD = gnu11;
				GCC_NO_COMMON_BLOCKS = YES;
				GCC_WARN_64_TO_32_BIT_CONVERSION = YES;
				GCC_WARN_ABOUT_RETURN_TYPE = YES_ERROR;
				GCC_WARN_UNDECLARED_SELECTOR = YES;
				GCC_WARN_UNINITIALIZED_AUTOS = YES_AGGRESSIVE;
				GCC_WARN_UNUSED_FUNCTION = YES;
				GCC_WARN_UNUSED_VARIABLE = YES;
				IPHONEOS_DEPLOYMENT_TARGET = 14.0;
				MTL_ENABLE_DEBUG_INFO = NO;
				MTL_FAST_MATH = YES;
				SDKROOT = iphoneos;
				SWIFT_COMPILATION_MODE = wholemodule;
				SWIFT_OPTIMIZATION_LEVEL = "-O";
				VALIDATE_PRODUCT = YES;
			};
			name = Release;
		};
		907D5F3B252B12C800E30748 /* Debug */ = {
			isa = XCBuildConfiguration;
			buildSettings = {
				ASSETCATALOG_COMPILER_APPICON_NAME = AppIcon;
				ASSETCATALOG_COMPILER_GLOBAL_ACCENT_COLOR_NAME = AccentColor;
				CODE_SIGN_IDENTITY = "iPhone Developer";
				CODE_SIGN_STYLE = Manual;
				DEVELOPMENT_ASSET_PATHS = "\"Pokedex/Preview Content\"";
				DEVELOPMENT_TEAM = DAB2NZFLN5;
				ENABLE_PREVIEWS = YES;
				INFOPLIST_FILE = Pokedex/Info.plist;
				IPHONEOS_DEPLOYMENT_TARGET = 14.0;
				LD_RUNPATH_SEARCH_PATHS = (
					"$(inherited)",
					"@executable_path/Frameworks",
				);
				PRODUCT_BUNDLE_IDENTIFIER = com.komorebi.SimpleDiary;
				PRODUCT_NAME = "$(TARGET_NAME)";
				PROVISIONING_PROFILE_SPECIFIER = simplediary_develop_20200826;
				SWIFT_VERSION = 5.0;
				TARGETED_DEVICE_FAMILY = 1;
			};
			name = Debug;
		};
		907D5F3C252B12C800E30748 /* Release */ = {
			isa = XCBuildConfiguration;
			buildSettings = {
				ASSETCATALOG_COMPILER_APPICON_NAME = AppIcon;
				ASSETCATALOG_COMPILER_GLOBAL_ACCENT_COLOR_NAME = AccentColor;
				CODE_SIGN_IDENTITY = "iPhone Developer";
				CODE_SIGN_STYLE = Manual;
				DEVELOPMENT_ASSET_PATHS = "\"Pokedex/Preview Content\"";
				DEVELOPMENT_TEAM = DAB2NZFLN5;
				ENABLE_PREVIEWS = YES;
				INFOPLIST_FILE = Pokedex/Info.plist;
				IPHONEOS_DEPLOYMENT_TARGET = 14.0;
				LD_RUNPATH_SEARCH_PATHS = (
					"$(inherited)",
					"@executable_path/Frameworks",
				);
				PRODUCT_BUNDLE_IDENTIFIER = com.komorebi.SimpleDiary;
				PRODUCT_NAME = "$(TARGET_NAME)";
				PROVISIONING_PROFILE_SPECIFIER = simplediary_develop_20200826;
				SWIFT_VERSION = 5.0;
				TARGETED_DEVICE_FAMILY = 1;
			};
			name = Release;
		};
		907D5F3E252B12C800E30748 /* Debug */ = {
			isa = XCBuildConfiguration;
			buildSettings = {
				ALWAYS_EMBED_SWIFT_STANDARD_LIBRARIES = YES;
				BUNDLE_LOADER = "$(TEST_HOST)";
				CODE_SIGN_STYLE = Automatic;
				DEVELOPMENT_TEAM = J243X8N8UC;
				INFOPLIST_FILE = PokedexTests/Info.plist;
				IPHONEOS_DEPLOYMENT_TARGET = 14.0;
				LD_RUNPATH_SEARCH_PATHS = (
					"$(inherited)",
					"@executable_path/Frameworks",
					"@loader_path/Frameworks",
				);
				PRODUCT_BUNDLE_IDENTIFIER = qtcorp.PokedexTests;
				PRODUCT_NAME = "$(TARGET_NAME)";
				SWIFT_VERSION = 5.0;
				TARGETED_DEVICE_FAMILY = "1,2";
				TEST_HOST = "$(BUILT_PRODUCTS_DIR)/Pokedex.app/Pokedex";
			};
			name = Debug;
		};
		907D5F3F252B12C800E30748 /* Release */ = {
			isa = XCBuildConfiguration;
			buildSettings = {
				ALWAYS_EMBED_SWIFT_STANDARD_LIBRARIES = YES;
				BUNDLE_LOADER = "$(TEST_HOST)";
				CODE_SIGN_STYLE = Automatic;
				DEVELOPMENT_TEAM = J243X8N8UC;
				INFOPLIST_FILE = PokedexTests/Info.plist;
				IPHONEOS_DEPLOYMENT_TARGET = 14.0;
				LD_RUNPATH_SEARCH_PATHS = (
					"$(inherited)",
					"@executable_path/Frameworks",
					"@loader_path/Frameworks",
				);
				PRODUCT_BUNDLE_IDENTIFIER = qtcorp.PokedexTests;
				PRODUCT_NAME = "$(TARGET_NAME)";
				SWIFT_VERSION = 5.0;
				TARGETED_DEVICE_FAMILY = "1,2";
				TEST_HOST = "$(BUILT_PRODUCTS_DIR)/Pokedex.app/Pokedex";
			};
			name = Release;
		};
		907D5F41252B12C800E30748 /* Debug */ = {
			isa = XCBuildConfiguration;
			buildSettings = {
				ALWAYS_EMBED_SWIFT_STANDARD_LIBRARIES = YES;
				CODE_SIGN_STYLE = Automatic;
				DEVELOPMENT_TEAM = J243X8N8UC;
				INFOPLIST_FILE = PokedexUITests/Info.plist;
				LD_RUNPATH_SEARCH_PATHS = (
					"$(inherited)",
					"@executable_path/Frameworks",
					"@loader_path/Frameworks",
				);
				PRODUCT_BUNDLE_IDENTIFIER = qtcorp.PokedexUITests;
				PRODUCT_NAME = "$(TARGET_NAME)";
				SWIFT_VERSION = 5.0;
				TARGETED_DEVICE_FAMILY = "1,2";
				TEST_TARGET_NAME = Pokedex;
			};
			name = Debug;
		};
		907D5F42252B12C800E30748 /* Release */ = {
			isa = XCBuildConfiguration;
			buildSettings = {
				ALWAYS_EMBED_SWIFT_STANDARD_LIBRARIES = YES;
				CODE_SIGN_STYLE = Automatic;
				DEVELOPMENT_TEAM = J243X8N8UC;
				INFOPLIST_FILE = PokedexUITests/Info.plist;
				LD_RUNPATH_SEARCH_PATHS = (
					"$(inherited)",
					"@executable_path/Frameworks",
					"@loader_path/Frameworks",
				);
				PRODUCT_BUNDLE_IDENTIFIER = qtcorp.PokedexUITests;
				PRODUCT_NAME = "$(TARGET_NAME)";
				SWIFT_VERSION = 5.0;
				TARGETED_DEVICE_FAMILY = "1,2";
				TEST_TARGET_NAME = Pokedex;
			};
			name = Release;
		};
/* End XCBuildConfiguration section */

/* Begin XCConfigurationList section */
		907D5F10252B12C500E30748 /* Build configuration list for PBXProject "Pokedex" */ = {
			isa = XCConfigurationList;
			buildConfigurations = (
				907D5F38252B12C800E30748 /* Debug */,
				907D5F39252B12C800E30748 /* Release */,
			);
			defaultConfigurationIsVisible = 0;
			defaultConfigurationName = Release;
		};
		907D5F3A252B12C800E30748 /* Build configuration list for PBXNativeTarget "Pokedex" */ = {
			isa = XCConfigurationList;
			buildConfigurations = (
				907D5F3B252B12C800E30748 /* Debug */,
				907D5F3C252B12C800E30748 /* Release */,
			);
			defaultConfigurationIsVisible = 0;
			defaultConfigurationName = Release;
		};
		907D5F3D252B12C800E30748 /* Build configuration list for PBXNativeTarget "PokedexTests" */ = {
			isa = XCConfigurationList;
			buildConfigurations = (
				907D5F3E252B12C800E30748 /* Debug */,
				907D5F3F252B12C800E30748 /* Release */,
			);
			defaultConfigurationIsVisible = 0;
			defaultConfigurationName = Release;
		};
		907D5F40252B12C800E30748 /* Build configuration list for PBXNativeTarget "PokedexUITests" */ = {
			isa = XCConfigurationList;
			buildConfigurations = (
				907D5F41252B12C800E30748 /* Debug */,
				907D5F42252B12C800E30748 /* Release */,
			);
			defaultConfigurationIsVisible = 0;
			defaultConfigurationName = Release;
		};
/* End XCConfigurationList section */
	};
	rootObject = 907D5F0D252B12C500E30748 /* Project object */;
}
